// !$*UTF8*$!
{
	archiveVersion = 1;
	classes = {
	};
	objectVersion = 56;
	objects = {

/* Begin PBXBuildFile section */
		88B5FAE52CDB781D00BBFCBE /* AppDelegate.swift in Sources */ = {isa = PBXBuildFile; fileRef = 88B5FAE42CDB781D00BBFCBE /* AppDelegate.swift */; };
		88B5FAE72CDB781D00BBFCBE /* SceneDelegate.swift in Sources */ = {isa = PBXBuildFile; fileRef = 88B5FAE62CDB781D00BBFCBE /* SceneDelegate.swift */; };
		88B5FAE92CDB781D00BBFCBE /* ViewController.swift in Sources */ = {isa = PBXBuildFile; fileRef = 88B5FAE82CDB781D00BBFCBE /* ViewController.swift */; };
		88B5FAEC2CDB781D00BBFCBE /* Main.storyboard in Resources */ = {isa = PBXBuildFile; fileRef = 88B5FAEA2CDB781D00BBFCBE /* Main.storyboard */; };
		88B5FAEE2CDB781E00BBFCBE /* Assets.xcassets in Resources */ = {isa = PBXBuildFile; fileRef = 88B5FAED2CDB781E00BBFCBE /* Assets.xcassets */; };
		88B5FAF12CDB781E00BBFCBE /* LaunchScreen.storyboard in Resources */ = {isa = PBXBuildFile; fileRef = 88B5FAEF2CDB781E00BBFCBE /* LaunchScreen.storyboard */; };
		88B5FAF92CDB78A500BBFCBE /* VC_Homepage.swift in Sources */ = {isa = PBXBuildFile; fileRef = 88B5FAF82CDB78A500BBFCBE /* VC_Homepage.swift */; };
		88B5FAFB2CDB78B400BBFCBE /* VC_Signup.swift in Sources */ = {isa = PBXBuildFile; fileRef = 88B5FAFA2CDB78B400BBFCBE /* VC_Signup.swift */; };
/* End PBXBuildFile section */

/* Begin PBXFileReference section */
		88B5FAE12CDB781D00BBFCBE /* Navigation Controller Lab.app */ = {isa = PBXFileReference; explicitFileType = wrapper.application; includeInIndex = 0; path = "Navigation Controller Lab.app"; sourceTree = BUILT_PRODUCTS_DIR; };
		88B5FAE42CDB781D00BBFCBE /* AppDelegate.swift */ = {isa = PBXFileReference; lastKnownFileType = sourcecode.swift; path = AppDelegate.swift; sourceTree = "<group>"; };
		88B5FAE62CDB781D00BBFCBE /* SceneDelegate.swift */ = {isa = PBXFileReference; lastKnownFileType = sourcecode.swift; path = SceneDelegate.swift; sourceTree = "<group>"; };
		88B5FAE82CDB781D00BBFCBE /* ViewController.swift */ = {isa = PBXFileReference; lastKnownFileType = sourcecode.swift; path = ViewController.swift; sourceTree = "<group>"; };
		88B5FAEB2CDB781D00BBFCBE /* Base */ = {isa = PBXFileReference; lastKnownFileType = file.storyboard; name = Base; path = Base.lproj/Main.storyboard; sourceTree = "<group>"; };
		88B5FAED2CDB781E00BBFCBE /* Assets.xcassets */ = {isa = PBXFileReference; lastKnownFileType = folder.assetcatalog; path = Assets.xcassets; sourceTree = "<group>"; };
		88B5FAF02CDB781E00BBFCBE /* Base */ = {isa = PBXFileReference; lastKnownFileType = file.storyboard; name = Base; path = Base.lproj/LaunchScreen.storyboard; sourceTree = "<group>"; };
		88B5FAF22CDB781E00BBFCBE /* Info.plist */ = {isa = PBXFileReference; lastKnownFileType = text.plist.xml; path = Info.plist; sourceTree = "<group>"; };
		88B5FAF82CDB78A500BBFCBE /* VC_Homepage.swift */ = {isa = PBXFileReference; lastKnownFileType = sourcecode.swift; path = VC_Homepage.swift; sourceTree = "<group>"; };
		88B5FAFA2CDB78B400BBFCBE /* VC_Signup.swift */ = {isa = PBXFileReference; lastKnownFileType = sourcecode.swift; path = VC_Signup.swift; sourceTree = "<group>"; };
/* End PBXFileReference section */

/* Begin PBXFrameworksBuildPhase section */
		88B5FADE2CDB781D00BBFCBE /* Frameworks */ = {
			isa = PBXFrameworksBuildPhase;
			buildActionMask = 2147483647;
			files = (
			);
			runOnlyForDeploymentPostprocessing = 0;
		};
/* End PBXFrameworksBuildPhase section */

/* Begin PBXGroup section */
		88B5FAD82CDB781D00BBFCBE = {
			isa = PBXGroup;
			children = (
				88B5FAE32CDB781D00BBFCBE /* Navigation Controller Lab */,
				88B5FAE22CDB781D00BBFCBE /* Products */,
			);
			sourceTree = "<group>";
		};
		88B5FAE22CDB781D00BBFCBE /* Products */ = {
			isa = PBXGroup;
			children = (
				88B5FAE12CDB781D00BBFCBE /* Navigation Controller Lab.app */,
			);
			name = Products;
			sourceTree = "<group>";
		};
		88B5FAE32CDB781D00BBFCBE /* Navigation Controller Lab */ = {
			isa = PBXGroup;
			children = (
				88B5FAE42CDB781D00BBFCBE /* AppDelegate.swift */,
				88B5FAE62CDB781D00BBFCBE /* SceneDelegate.swift */,
				88B5FAE82CDB781D00BBFCBE /* ViewController.swift */,
				88B5FAEA2CDB781D00BBFCBE /* Main.storyboard */,
				88B5FAFA2CDB78B400BBFCBE /* VC_Signup.swift */,
				88B5FAF82CDB78A500BBFCBE /* VC_Homepage.swift */,
				88B5FAED2CDB781E00BBFCBE /* Assets.xcassets */,
				88B5FAEF2CDB781E00BBFCBE /* LaunchScreen.storyboard */,
				88B5FAF22CDB781E00BBFCBE /* Info.plist */,
			);
			path = "Navigation Controller Lab";
			sourceTree = "<group>";
		};
/* End PBXGroup section */

/* Begin PBXNativeTarget section */
		88B5FAE02CDB781D00BBFCBE /* Navigation Controller Lab */ = {
			isa = PBXNativeTarget;
			buildConfigurationList = 88B5FAF52CDB781E00BBFCBE /* Build configuration list for PBXNativeTarget "Navigation Controller Lab" */;
			buildPhases = (
				88B5FADD2CDB781D00BBFCBE /* Sources */,
				88B5FADE2CDB781D00BBFCBE /* Frameworks */,
				88B5FADF2CDB781D00BBFCBE /* Resources */,
			);
			buildRules = (
			);
			dependencies = (
			);
			name = "Navigation Controller Lab";
			productName = "Navigation Controller Lab";
			productReference = 88B5FAE12CDB781D00BBFCBE /* Navigation Controller Lab.app */;
			productType = "com.apple.product-type.application";
		};
/* End PBXNativeTarget section */

/* Begin PBXProject section */
		88B5FAD92CDB781D00BBFCBE /* Project object */ = {
			isa = PBXProject;
			attributes = {
				BuildIndependentTargetsInParallel = 1;
				LastSwiftUpdateCheck = 1500;
				LastUpgradeCheck = 1500;
				TargetAttributes = {
					88B5FAE02CDB781D00BBFCBE = {
						CreatedOnToolsVersion = 15.0.1;
					};
				};
			};
			buildConfigurationList = 88B5FADC2CDB781D00BBFCBE /* Build configuration list for PBXProject "Navigation Controller Lab" */;
			compatibilityVersion = "Xcode 14.0";
			developmentRegion = en;
			hasScannedForEncodings = 0;
			knownRegions = (
				en,
				Base,
			);
			mainGroup = 88B5FAD82CDB781D00BBFCBE;
			productRefGroup = 88B5FAE22CDB781D00BBFCBE /* Products */;
			projectDirPath = "";
			projectRoot = "";
			targets = (
				88B5FAE02CDB781D00BBFCBE /* Navigation Controller Lab */,
			);
		};
/* End PBXProject section */

/* Begin PBXResourcesBuildPhase section */
		88B5FADF2CDB781D00BBFCBE /* Resources */ = {
			isa = PBXResourcesBuildPhase;
			buildActionMask = 2147483647;
			files = (
				88B5FAF12CDB781E00BBFCBE /* LaunchScreen.storyboard in Resources */,
				88B5FAEE2CDB781E00BBFCBE /* Assets.xcassets in Resources */,
				88B5FAEC2CDB781D00BBFCBE /* Main.storyboard in Resources */,
			);
			runOnlyForDeploymentPostprocessing = 0;
		};
/* End PBXResourcesBuildPhase section */

/* Begin PBXSourcesBuildPhase section */
		88B5FADD2CDB781D00BBFCBE /* Sources */ = {
			isa = PBXSourcesBuildPhase;
			buildActionMask = 2147483647;
			files = (
				88B5FAE92CDB781D00BBFCBE /* ViewController.swift in Sources */,
				88B5FAE52CDB781D00BBFCBE /* AppDelegate.swift in Sources */,
				88B5FAFB2CDB78B400BBFCBE /* VC_Signup.swift in Sources */,
				88B5FAF92CDB78A500BBFCBE /* VC_Homepage.swift in Sources */,
				88B5FAE72CDB781D00BBFCBE /* SceneDelegate.swift in Sources */,
			);
			runOnlyForDeploymentPostprocessing = 0;
		};
/* End PBXSourcesBuildPhase section */

/* Begin PBXVariantGroup section */
		88B5FAEA2CDB781D00BBFCBE /* Main.storyboard */ = {
			isa = PBXVariantGroup;
			children = (
				88B5FAEB2CDB781D00BBFCBE /* Base */,
			);
			name = Main.storyboard;
			sourceTree = "<group>";
		};
		88B5FAEF2CDB781E00BBFCBE /* LaunchScreen.storyboard */ = {
			isa = PBXVariantGroup;
			children = (
				88B5FAF02CDB781E00BBFCBE /* Base */,
			);
			name = LaunchScreen.storyboard;
			sourceTree = "<group>";
		};
/* End PBXVariantGroup section */

/* Begin XCBuildConfiguration section */
		88B5FAF32CDB781E00BBFCBE /* Debug */ = {
			isa = XCBuildConfiguration;
			buildSettings = {
				ALWAYS_SEARCH_USER_PATHS = NO;
				ASSETCATALOG_COMPILER_GENERATE_SWIFT_ASSET_SYMBOL_EXTENSIONS = YES;
				CLANG_ANALYZER_NONNULL = YES;
				CLANG_ANALYZER_NUMBER_OBJECT_CONVERSION = YES_AGGRESSIVE;
				CLANG_CXX_LANGUAGE_STANDARD = "gnu++20";
				CLANG_ENABLE_MODULES = YES;
				CLANG_ENABLE_OBJC_ARC = YES;
				CLANG_ENABLE_OBJC_WEAK = YES;
				CLANG_WARN_BLOCK_CAPTURE_AUTORELEASING = YES;
				CLANG_WARN_BOOL_CONVERSION = YES;
				CLANG_WARN_COMMA = YES;
				CLANG_WARN_CONSTANT_CONVERSION = YES;
				CLANG_WARN_DEPRECATED_OBJC_IMPLEMENTATIONS = YES;
				CLANG_WARN_DIRECT_OBJC_ISA_USAGE = YES_ERROR;
				CLANG_WARN_DOCUMENTATION_COMMENTS = YES;
				CLANG_WARN_EMPTY_BODY = YES;
				CLANG_WARN_ENUM_CONVERSION = YES;
				CLANG_WARN_INFINITE_RECURSION = YES;
				CLANG_WARN_INT_CONVERSION = YES;
				CLANG_WARN_NON_LITERAL_NULL_CONVERSION = YES;
				CLANG_WARN_OBJC_IMPLICIT_RETAIN_SELF = YES;
				CLANG_WARN_OBJC_LITERAL_CONVERSION = YES;
				CLANG_WARN_OBJC_ROOT_CLASS = YES_ERROR;
				CLANG_WARN_QUOTED_INCLUDE_IN_FRAMEWORK_HEADER = YES;
				CLANG_WARN_RANGE_LOOP_ANALYSIS = YES;
				CLANG_WARN_STRICT_PROTOTYPES = YES;
				CLANG_WARN_SUSPICIOUS_MOVE = YES;
				CLANG_WARN_UNGUARDED_AVAILABILITY = YES_AGGRESSIVE;
				CLANG_WARN_UNREACHABLE_CODE = YES;
				CLANG_WARN__DUPLICATE_METHOD_MATCH = YES;
				COPY_PHASE_STRIP = NO;
				DEBUG_INFORMATION_FORMAT = dwarf;
				ENABLE_STRICT_OBJC_MSGSEND = YES;
				ENABLE_TESTABILITY = YES;
				ENABLE_USER_SCRIPT_SANDBOXING = YES;
				GCC_C_LANGUAGE_STANDARD = gnu17;
				GCC_DYNAMIC_NO_PIC = NO;
				GCC_NO_COMMON_BLOCKS = YES;
				GCC_OPTIMIZATION_LEVEL = 0;
				GCC_PREPROCESSOR_DEFINITIONS = (
					"DEBUG=1",
					"$(inherited)",
				);
				GCC_WARN_64_TO_32_BIT_CONVERSION = YES;
				GCC_WARN_ABOUT_RETURN_TYPE = YES_ERROR;
				GCC_WARN_UNDECLARED_SELECTOR = YES;
				GCC_WARN_UNINITIALIZED_AUTOS = YES_AGGRESSIVE;
				GCC_WARN_UNUSED_FUNCTION = YES;
				GCC_WARN_UNUSED_VARIABLE = YES;
				IPHONEOS_DEPLOYMENT_TARGET = 17.0;
				LOCALIZATION_PREFERS_STRING_CATALOGS = YES;
				MTL_ENABLE_DEBUG_INFO = INCLUDE_SOURCE;
				MTL_FAST_MATH = YES;
				ONLY_ACTIVE_ARCH = YES;
				SDKROOT = iphoneos;
				SWIFT_ACTIVE_COMPILATION_CONDITIONS = "DEBUG $(inherited)";
				SWIFT_OPTIMIZATION_LEVEL = "-Onone";
			};
			name = Debug;
		};
		88B5FAF42CDB781E00BBFCBE /* Release */ = {
			isa = XCBuildConfiguration;
			buildSettings = {
				ALWAYS_SEARCH_USER_PATHS = NO;
				ASSETCATALOG_COMPILER_GENERATE_SWIFT_ASSET_SYMBOL_EXTENSIONS = YES;
				CLANG_ANALYZER_NONNULL = YES;
				CLANG_ANALYZER_NUMBER_OBJECT_CONVERSION = YES_AGGRESSIVE;
				CLANG_CXX_LANGUAGE_STANDARD = "gnu++20";
				CLANG_ENABLE_MODULES = YES;
				CLANG_ENABLE_OBJC_ARC = YES;
				CLANG_ENABLE_OBJC_WEAK = YES;
				CLANG_WARN_BLOCK_CAPTURE_AUTORELEASING = YES;
				CLANG_WARN_BOOL_CONVERSION = YES;
				CLANG_WARN_COMMA = YES;
				CLANG_WARN_CONSTANT_CONVERSION = YES;
				CLANG_WARN_DEPRECATED_OBJC_IMPLEMENTATIONS = YES;
				CLANG_WARN_DIRECT_OBJC_ISA_USAGE = YES_ERROR;
				CLANG_WARN_DOCUMENTATION_COMMENTS = YES;
				CLANG_WARN_EMPTY_BODY = YES;
				CLANG_WARN_ENUM_CONVERSION = YES;
				CLANG_WARN_INFINITE_RECURSION = YES;
				CLANG_WARN_INT_CONVERSION = YES;
				CLANG_WARN_NON_LITERAL_NULL_CONVERSION = YES;
				CLANG_WARN_OBJC_IMPLICIT_RETAIN_SELF = YES;
				CLANG_WARN_OBJC_LITERAL_CONVERSION = YES;
				CLANG_WARN_OBJC_ROOT_CLASS = YES_ERROR;
				CLANG_WARN_QUOTED_INCLUDE_IN_FRAMEWORK_HEADER = YES;
				CLANG_WARN_RANGE_LOOP_ANALYSIS = YES;
				CLANG_WARN_STRICT_PROTOTYPES = YES;
				CLANG_WARN_SUSPICIOUS_MOVE = YES;
				CLANG_WARN_UNGUARDED_AVAILABILITY = YES_AGGRESSIVE;
				CLANG_WARN_UNREACHABLE_CODE = YES;
				CLANG_WARN__DUPLICATE_METHOD_MATCH = YES;
				COPY_PHASE_STRIP = NO;
				DEBUG_INFORMATION_FORMAT = "dwarf-with-dsym";
				ENABLE_NS_ASSERTIONS = NO;
				ENABLE_STRICT_OBJC_MSGSEND = YES;
				ENABLE_USER_SCRIPT_SANDBOXING = YES;
				GCC_C_LANGUAGE_STANDARD = gnu17;
				GCC_NO_COMMON_BLOCKS = YES;
				GCC_WARN_64_TO_32_BIT_CONVERSION = YES;
				GCC_WARN_ABOUT_RETURN_TYPE = YES_ERROR;
				GCC_WARN_UNDECLARED_SELECTOR = YES;
				GCC_WARN_UNINITIALIZED_AUTOS = YES_AGGRESSIVE;
				GCC_WARN_UNUSED_FUNCTION = YES;
				GCC_WARN_UNUSED_VARIABLE = YES;
				IPHONEOS_DEPLOYMENT_TARGET = 17.0;
				LOCALIZATION_PREFERS_STRING_CATALOGS = YES;
				MTL_ENABLE_DEBUG_INFO = NO;
				MTL_FAST_MATH = YES;
				SDKROOT = iphoneos;
				SWIFT_COMPILATION_MODE = wholemodule;
				VALIDATE_PRODUCT = YES;
			};
			name = Release;
		};
		88B5FAF62CDB781E00BBFCBE /* Debug */ = {
			isa = XCBuildConfiguration;
			buildSettings = {
				ASSETCATALOG_COMPILER_APPICON_NAME = AppIcon;
				ASSETCATALOG_COMPILER_GLOBAL_ACCENT_COLOR_NAME = AccentColor;
				CODE_SIGN_STYLE = Automatic;
				CURRENT_PROJECT_VERSION = 1;
				DEVELOPMENT_TEAM = WVKQRSC4HB;
				GENERATE_INFOPLIST_FILE = YES;
				INFOPLIST_FILE = "Navigation Controller Lab/Info.plist";
				INFOPLIST_KEY_UIApplicationSupportsIndirectInputEvents = YES;
				INFOPLIST_KEY_UILaunchStoryboardName = LaunchScreen;
				INFOPLIST_KEY_UIMainStoryboardFile = Main;
				INFOPLIST_KEY_UISupportedInterfaceOrientations_iPad = "UIInterfaceOrientationPortrait UIInterfaceOrientationPortraitUpsideDown UIInterfaceOrientationLandscapeLeft UIInterfaceOrientationLandscapeRight";
				INFOPLIST_KEY_UISupportedInterfaceOrientations_iPhone = "UIInterfaceOrientationPortrait UIInterfaceOrientationLandscapeLeft UIInterfaceOrientationLandscapeRight";
				LD_RUNPATH_SEARCH_PATHS = (
					"$(inherited)",
					"@executable_path/Frameworks",
				);
				MARKETING_VERSION = 1.0;
				PRODUCT_BUNDLE_IDENTIFIER = "com.alperencerkez.Navigation-Controller-Lab";
				PRODUCT_NAME = "$(TARGET_NAME)";
				SWIFT_EMIT_LOC_STRINGS = YES;
				SWIFT_VERSION = 5.0;
				TARGETED_DEVICE_FAMILY = "1,2";
			};
			name = Debug;
		};
		88B5FAF72CDB781E00BBFCBE /* Release */ = {
			isa = XCBuildConfiguration;
			buildSettings = {
				ASSETCATALOG_COMPILER_APPICON_NAME = AppIcon;
				ASSETCATALOG_COMPILER_GLOBAL_ACCENT_COLOR_NAME = AccentColor;
				CODE_SIGN_STYLE = Automatic;
				CURRENT_PROJECT_VERSION = 1;
				DEVELOPMENT_TEAM = WVKQRSC4HB;
				GENERATE_INFOPLIST_FILE = YES;
				INFOPLIST_FILE = "Navigation Controller Lab/Info.plist";
				INFOPLIST_KEY_UIApplicationSupportsIndirectInputEvents = YES;
				INFOPLIST_KEY_UILaunchStoryboardName = LaunchScreen;
				INFOPLIST_KEY_UIMainStoryboardFile = Main;
				INFOPLIST_KEY_UISupportedInterfaceOrientations_iPad = "UIInterfaceOrientationPortrait UIInterfaceOrientationPortraitUpsideDown UIInterfaceOrientationLandscapeLeft UIInterfaceOrientationLandscapeRight";
				INFOPLIST_KEY_UISupportedInterfaceOrientations_iPhone = "UIInterfaceOrientationPortrait UIInterfaceOrientationLandscapeLeft UIInterfaceOrientationLandscapeRight";
				LD_RUNPATH_SEARCH_PATHS = (
					"$(inherited)",
					"@executable_path/Frameworks",
				);
				MARKETING_VERSION = 1.0;
				PRODUCT_BUNDLE_IDENTIFIER = "com.alperencerkez.Navigation-Controller-Lab";
				PRODUCT_NAME = "$(TARGET_NAME)";
				SWIFT_EMIT_LOC_STRINGS = YES;
				SWIFT_VERSION = 5.0;
				TARGETED_DEVICE_FAMILY = "1,2";
			};
			name = Release;
		};
/* End XCBuildConfiguration section */

/* Begin XCConfigurationList section */
		88B5FADC2CDB781D00BBFCBE /* Build configuration list for PBXProject "Navigation Controller Lab" */ = {
			isa = XCConfigurationList;
			buildConfigurations = (
				88B5FAF32CDB781E00BBFCBE /* Debug */,
				88B5FAF42CDB781E00BBFCBE /* Release */,
			);
			defaultConfigurationIsVisible = 0;
			defaultConfigurationName = Release;
		};
		88B5FAF52CDB781E00BBFCBE /* Build configuration list for PBXNativeTarget "Navigation Controller Lab" */ = {
			isa = XCConfigurationList;
			buildConfigurations = (
				88B5FAF62CDB781E00BBFCBE /* Debug */,
				88B5FAF72CDB781E00BBFCBE /* Release */,
			);
			defaultConfigurationIsVisible = 0;
			defaultConfigurationName = Release;
		};
/* End XCConfigurationList section */
	};
	rootObject = 88B5FAD92CDB781D00BBFCBE /* Project object */;
}
