// !$*UTF8*$!
{
	archiveVersion = 1;
	classes = {
	};
	objectVersion = 56;
	objects = {

/* Begin PBXBuildFile section */
		88BA31DD2CE212A9004CBD6C /* ColumnFlowLayout.swift in Sources */ = {isa = PBXBuildFile; fileRef = 88BA31DC2CE212A9004CBD6C /* ColumnFlowLayout.swift */; };
		88FD20C32CE20F0900E5B641 /* AppDelegate.swift in Sources */ = {isa = PBXBuildFile; fileRef = 88FD20C22CE20F0900E5B641 /* AppDelegate.swift */; };
		88FD20C52CE20F0900E5B641 /* SceneDelegate.swift in Sources */ = {isa = PBXBuildFile; fileRef = 88FD20C42CE20F0900E5B641 /* SceneDelegate.swift */; };
		88FD20C72CE20F0900E5B641 /* ViewController.swift in Sources */ = {isa = PBXBuildFile; fileRef = 88FD20C62CE20F0900E5B641 /* ViewController.swift */; };
		88FD20CA2CE20F0900E5B641 /* Main.storyboard in Resources */ = {isa = PBXBuildFile; fileRef = 88FD20C82CE20F0900E5B641 /* Main.storyboard */; };
		88FD20CC2CE20F0A00E5B641 /* Assets.xcassets in Resources */ = {isa = PBXBuildFile; fileRef = 88FD20CB2CE20F0A00E5B641 /* Assets.xcassets */; };
		88FD20CF2CE20F0A00E5B641 /* LaunchScreen.storyboard in Resources */ = {isa = PBXBuildFile; fileRef = 88FD20CD2CE20F0A00E5B641 /* LaunchScreen.storyboard */; };
		88FD20D72CE20F5C00E5B641 /* Product.swift in Sources */ = {isa = PBXBuildFile; fileRef = 88FD20D62CE20F5C00E5B641 /* Product.swift */; };
		88FD20DA2CE20FC500E5B641 /* CVC_Product.swift in Sources */ = {isa = PBXBuildFile; fileRef = 88FD20D82CE20FC500E5B641 /* CVC_Product.swift */; };
		88FD20DB2CE20FC500E5B641 /* CVC_Product.xib in Resources */ = {isa = PBXBuildFile; fileRef = 88FD20D92CE20FC500E5B641 /* CVC_Product.xib */; };
/* End PBXBuildFile section */

/* Begin PBXFileReference section */
		88BA31DC2CE212A9004CBD6C /* ColumnFlowLayout.swift */ = {isa = PBXFileReference; fileEncoding = 4; lastKnownFileType = sourcecode.swift; name = ColumnFlowLayout.swift; path = ../../CollectionView/CollectionView/ColumnFlowLayout.swift; sourceTree = "<group>"; };
		88FD20BF2CE20F0900E5B641 /* CollectionView Lab-1.app */ = {isa = PBXFileReference; explicitFileType = wrapper.application; includeInIndex = 0; path = "CollectionView Lab-1.app"; sourceTree = BUILT_PRODUCTS_DIR; };
		88FD20C22CE20F0900E5B641 /* AppDelegate.swift */ = {isa = PBXFileReference; lastKnownFileType = sourcecode.swift; path = AppDelegate.swift; sourceTree = "<group>"; };
		88FD20C42CE20F0900E5B641 /* SceneDelegate.swift */ = {isa = PBXFileReference; lastKnownFileType = sourcecode.swift; path = SceneDelegate.swift; sourceTree = "<group>"; };
		88FD20C62CE20F0900E5B641 /* ViewController.swift */ = {isa = PBXFileReference; lastKnownFileType = sourcecode.swift; path = ViewController.swift; sourceTree = "<group>"; };
		88FD20C92CE20F0900E5B641 /* Base */ = {isa = PBXFileReference; lastKnownFileType = file.storyboard; name = Base; path = Base.lproj/Main.storyboard; sourceTree = "<group>"; };
		88FD20CB2CE20F0A00E5B641 /* Assets.xcassets */ = {isa = PBXFileReference; lastKnownFileType = folder.assetcatalog; path = Assets.xcassets; sourceTree = "<group>"; };
		88FD20CE2CE20F0A00E5B641 /* Base */ = {isa = PBXFileReference; lastKnownFileType = file.storyboard; name = Base; path = Base.lproj/LaunchScreen.storyboard; sourceTree = "<group>"; };
		88FD20D02CE20F0A00E5B641 /* Info.plist */ = {isa = PBXFileReference; lastKnownFileType = text.plist.xml; path = Info.plist; sourceTree = "<group>"; };
		88FD20D62CE20F5C00E5B641 /* Product.swift */ = {isa = PBXFileReference; lastKnownFileType = sourcecode.swift; path = Product.swift; sourceTree = "<group>"; };
		88FD20D82CE20FC500E5B641 /* CVC_Product.swift */ = {isa = PBXFileReference; lastKnownFileType = sourcecode.swift; path = CVC_Product.swift; sourceTree = "<group>"; };
		88FD20D92CE20FC500E5B641 /* CVC_Product.xib */ = {isa = PBXFileReference; lastKnownFileType = file.xib; path = CVC_Product.xib; sourceTree = "<group>"; };
/* End PBXFileReference section */

/* Begin PBXFrameworksBuildPhase section */
		88FD20BC2CE20F0900E5B641 /* Frameworks */ = {
			isa = PBXFrameworksBuildPhase;
			buildActionMask = 2147483647;
			files = (
			);
			runOnlyForDeploymentPostprocessing = 0;
		};
/* End PBXFrameworksBuildPhase section */

/* Begin PBXGroup section */
		88FD20B62CE20F0900E5B641 = {
			isa = PBXGroup;
			children = (
				88FD20C12CE20F0900E5B641 /* CollectionView Lab-1 */,
				88FD20C02CE20F0900E5B641 /* Products */,
			);
			sourceTree = "<group>";
		};
		88FD20C02CE20F0900E5B641 /* Products */ = {
			isa = PBXGroup;
			children = (
				88FD20BF2CE20F0900E5B641 /* CollectionView Lab-1.app */,
			);
			name = Products;
			sourceTree = "<group>";
		};
		88FD20C12CE20F0900E5B641 /* CollectionView Lab-1 */ = {
			isa = PBXGroup;
			children = (
				88BA31DC2CE212A9004CBD6C /* ColumnFlowLayout.swift */,
				88FD20C22CE20F0900E5B641 /* AppDelegate.swift */,
				88FD20C42CE20F0900E5B641 /* SceneDelegate.swift */,
				88FD20C62CE20F0900E5B641 /* ViewController.swift */,
				88FD20D62CE20F5C00E5B641 /* Product.swift */,
				88FD20D82CE20FC500E5B641 /* CVC_Product.swift */,
				88FD20D92CE20FC500E5B641 /* CVC_Product.xib */,
				88FD20C82CE20F0900E5B641 /* Main.storyboard */,
				88FD20CB2CE20F0A00E5B641 /* Assets.xcassets */,
				88FD20CD2CE20F0A00E5B641 /* LaunchScreen.storyboard */,
				88FD20D02CE20F0A00E5B641 /* Info.plist */,
			);
			path = "CollectionView Lab-1";
			sourceTree = "<group>";
		};
/* End PBXGroup section */

/* Begin PBXNativeTarget section */
		88FD20BE2CE20F0900E5B641 /* CollectionView Lab-1 */ = {
			isa = PBXNativeTarget;
			buildConfigurationList = 88FD20D32CE20F0A00E5B641 /* Build configuration list for PBXNativeTarget "CollectionView Lab-1" */;
			buildPhases = (
				88FD20BB2CE20F0900E5B641 /* Sources */,
				88FD20BC2CE20F0900E5B641 /* Frameworks */,
				88FD20BD2CE20F0900E5B641 /* Resources */,
			);
			buildRules = (
			);
			dependencies = (
			);
			name = "CollectionView Lab-1";
			productName = "CollectionView Lab-1";
			productReference = 88FD20BF2CE20F0900E5B641 /* CollectionView Lab-1.app */;
			productType = "com.apple.product-type.application";
		};
/* End PBXNativeTarget section */

/* Begin PBXProject section */
		88FD20B72CE20F0900E5B641 /* Project object */ = {
			isa = PBXProject;
			attributes = {
				BuildIndependentTargetsInParallel = 1;
				LastSwiftUpdateCheck = 1500;
				LastUpgradeCheck = 1500;
				TargetAttributes = {
					88FD20BE2CE20F0900E5B641 = {
						CreatedOnToolsVersion = 15.0.1;
					};
				};
			};
			buildConfigurationList = 88FD20BA2CE20F0900E5B641 /* Build configuration list for PBXProject "CollectionView Lab-1" */;
			compatibilityVersion = "Xcode 14.0";
			developmentRegion = en;
			hasScannedForEncodings = 0;
			knownRegions = (
				en,
				Base,
			);
			mainGroup = 88FD20B62CE20F0900E5B641;
			productRefGroup = 88FD20C02CE20F0900E5B641 /* Products */;
			projectDirPath = "";
			projectRoot = "";
			targets = (
				88FD20BE2CE20F0900E5B641 /* CollectionView Lab-1 */,
			);
		};
/* End PBXProject section */

/* Begin PBXResourcesBuildPhase section */
		88FD20BD2CE20F0900E5B641 /* Resources */ = {
			isa = PBXResourcesBuildPhase;
			buildActionMask = 2147483647;
			files = (
				88FD20DB2CE20FC500E5B641 /* CVC_Product.xib in Resources */,
				88FD20CF2CE20F0A00E5B641 /* LaunchScreen.storyboard in Resources */,
				88FD20CC2CE20F0A00E5B641 /* Assets.xcassets in Resources */,
				88FD20CA2CE20F0900E5B641 /* Main.storyboard in Resources */,
			);
			runOnlyForDeploymentPostprocessing = 0;
		};
/* End PBXResourcesBuildPhase section */

/* Begin PBXSourcesBuildPhase section */
		88FD20BB2CE20F0900E5B641 /* Sources */ = {
			isa = PBXSourcesBuildPhase;
			buildActionMask = 2147483647;
			files = (
				88FD20DA2CE20FC500E5B641 /* CVC_Product.swift in Sources */,
				88BA31DD2CE212A9004CBD6C /* ColumnFlowLayout.swift in Sources */,
				88FD20C72CE20F0900E5B641 /* ViewController.swift in Sources */,
				88FD20D72CE20F5C00E5B641 /* Product.swift in Sources */,
				88FD20C32CE20F0900E5B641 /* AppDelegate.swift in Sources */,
				88FD20C52CE20F0900E5B641 /* SceneDelegate.swift in Sources */,
			);
			runOnlyForDeploymentPostprocessing = 0;
		};
/* End PBXSourcesBuildPhase section */

/* Begin PBXVariantGroup section */
		88FD20C82CE20F0900E5B641 /* Main.storyboard */ = {
			isa = PBXVariantGroup;
			children = (
				88FD20C92CE20F0900E5B641 /* Base */,
			);
			name = Main.storyboard;
			sourceTree = "<group>";
		};
		88FD20CD2CE20F0A00E5B641 /* LaunchScreen.storyboard */ = {
			isa = PBXVariantGroup;
			children = (
				88FD20CE2CE20F0A00E5B641 /* Base */,
			);
			name = LaunchScreen.storyboard;
			sourceTree = "<group>";
		};
/* End PBXVariantGroup section */

/* Begin XCBuildConfiguration section */
		88FD20D12CE20F0A00E5B641 /* Debug */ = {
			isa = XCBuildConfiguration;
			buildSettings = {
				ALWAYS_SEARCH_USER_PATHS = NO;
				ASSETCATALOG_COMPILER_GENERATE_SWIFT_ASSET_SYMBOL_EXTENSIONS = YES;
				CLANG_ANALYZER_NONNULL = YES;
				CLANG_ANALYZER_NUMBER_OBJECT_CONVERSION = YES_AGGRESSIVE;
				CLANG_CXX_LANGUAGE_STANDARD = "gnu++20";
				CLANG_ENABLE_MODULES = YES;
				CLANG_ENABLE_OBJC_ARC = YES;
				CLANG_ENABLE_OBJC_WEAK = YES;
				CLANG_WARN_BLOCK_CAPTURE_AUTORELEASING = YES;
				CLANG_WARN_BOOL_CONVERSION = YES;
				CLANG_WARN_COMMA = YES;
				CLANG_WARN_CONSTANT_CONVERSION = YES;
				CLANG_WARN_DEPRECATED_OBJC_IMPLEMENTATIONS = YES;
				CLANG_WARN_DIRECT_OBJC_ISA_USAGE = YES_ERROR;
				CLANG_WARN_DOCUMENTATION_COMMENTS = YES;
				CLANG_WARN_EMPTY_BODY = YES;
				CLANG_WARN_ENUM_CONVERSION = YES;
				CLANG_WARN_INFINITE_RECURSION = YES;
				CLANG_WARN_INT_CONVERSION = YES;
				CLANG_WARN_NON_LITERAL_NULL_CONVERSION = YES;
				CLANG_WARN_OBJC_IMPLICIT_RETAIN_SELF = YES;
				CLANG_WARN_OBJC_LITERAL_CONVERSION = YES;
				CLANG_WARN_OBJC_ROOT_CLASS = YES_ERROR;
				CLANG_WARN_QUOTED_INCLUDE_IN_FRAMEWORK_HEADER = YES;
				CLANG_WARN_RANGE_LOOP_ANALYSIS = YES;
				CLANG_WARN_STRICT_PROTOTYPES = YES;
				CLANG_WARN_SUSPICIOUS_MOVE = YES;
				CLANG_WARN_UNGUARDED_AVAILABILITY = YES_AGGRESSIVE;
				CLANG_WARN_UNREACHABLE_CODE = YES;
				CLANG_WARN__DUPLICATE_METHOD_MATCH = YES;
				COPY_PHASE_STRIP = NO;
				DEBUG_INFORMATION_FORMAT = dwarf;
				ENABLE_STRICT_OBJC_MSGSEND = YES;
				ENABLE_TESTABILITY = YES;
				ENABLE_USER_SCRIPT_SANDBOXING = YES;
				GCC_C_LANGUAGE_STANDARD = gnu17;
				GCC_DYNAMIC_NO_PIC = NO;
				GCC_NO_COMMON_BLOCKS = YES;
				GCC_OPTIMIZATION_LEVEL = 0;
				GCC_PREPROCESSOR_DEFINITIONS = (
					"DEBUG=1",
					"$(inherited)",
				);
				GCC_WARN_64_TO_32_BIT_CONVERSION = YES;
				GCC_WARN_ABOUT_RETURN_TYPE = YES_ERROR;
				GCC_WARN_UNDECLARED_SELECTOR = YES;
				GCC_WARN_UNINITIALIZED_AUTOS = YES_AGGRESSIVE;
				GCC_WARN_UNUSED_FUNCTION = YES;
				GCC_WARN_UNUSED_VARIABLE = YES;
				IPHONEOS_DEPLOYMENT_TARGET = 17.0;
				LOCALIZATION_PREFERS_STRING_CATALOGS = YES;
				MTL_ENABLE_DEBUG_INFO = INCLUDE_SOURCE;
				MTL_FAST_MATH = YES;
				ONLY_ACTIVE_ARCH = YES;
				SDKROOT = iphoneos;
				SWIFT_ACTIVE_COMPILATION_CONDITIONS = "DEBUG $(inherited)";
				SWIFT_OPTIMIZATION_LEVEL = "-Onone";
			};
			name = Debug;
		};
		88FD20D22CE20F0A00E5B641 /* Release */ = {
			isa = XCBuildConfiguration;
			buildSettings = {
				ALWAYS_SEARCH_USER_PATHS = NO;
				ASSETCATALOG_COMPILER_GENERATE_SWIFT_ASSET_SYMBOL_EXTENSIONS = YES;
				CLANG_ANALYZER_NONNULL = YES;
				CLANG_ANALYZER_NUMBER_OBJECT_CONVERSION = YES_AGGRESSIVE;
				CLANG_CXX_LANGUAGE_STANDARD = "gnu++20";
				CLANG_ENABLE_MODULES = YES;
				CLANG_ENABLE_OBJC_ARC = YES;
				CLANG_ENABLE_OBJC_WEAK = YES;
				CLANG_WARN_BLOCK_CAPTURE_AUTORELEASING = YES;
				CLANG_WARN_BOOL_CONVERSION = YES;
				CLANG_WARN_COMMA = YES;
				CLANG_WARN_CONSTANT_CONVERSION = YES;
				CLANG_WARN_DEPRECATED_OBJC_IMPLEMENTATIONS = YES;
				CLANG_WARN_DIRECT_OBJC_ISA_USAGE = YES_ERROR;
				CLANG_WARN_DOCUMENTATION_COMMENTS = YES;
				CLANG_WARN_EMPTY_BODY = YES;
				CLANG_WARN_ENUM_CONVERSION = YES;
				CLANG_WARN_INFINITE_RECURSION = YES;
				CLANG_WARN_INT_CONVERSION = YES;
				CLANG_WARN_NON_LITERAL_NULL_CONVERSION = YES;
				CLANG_WARN_OBJC_IMPLICIT_RETAIN_SELF = YES;
				CLANG_WARN_OBJC_LITERAL_CONVERSION = YES;
				CLANG_WARN_OBJC_ROOT_CLASS = YES_ERROR;
				CLANG_WARN_QUOTED_INCLUDE_IN_FRAMEWORK_HEADER = YES;
				CLANG_WARN_RANGE_LOOP_ANALYSIS = YES;
				CLANG_WARN_STRICT_PROTOTYPES = YES;
				CLANG_WARN_SUSPICIOUS_MOVE = YES;
				CLANG_WARN_UNGUARDED_AVAILABILITY = YES_AGGRESSIVE;
				CLANG_WARN_UNREACHABLE_CODE = YES;
				CLANG_WARN__DUPLICATE_METHOD_MATCH = YES;
				COPY_PHASE_STRIP = NO;
				DEBUG_INFORMATION_FORMAT = "dwarf-with-dsym";
				ENABLE_NS_ASSERTIONS = NO;
				ENABLE_STRICT_OBJC_MSGSEND = YES;
				ENABLE_USER_SCRIPT_SANDBOXING = YES;
				GCC_C_LANGUAGE_STANDARD = gnu17;
				GCC_NO_COMMON_BLOCKS = YES;
				GCC_WARN_64_TO_32_BIT_CONVERSION = YES;
				GCC_WARN_ABOUT_RETURN_TYPE = YES_ERROR;
				GCC_WARN_UNDECLARED_SELECTOR = YES;
				GCC_WARN_UNINITIALIZED_AUTOS = YES_AGGRESSIVE;
				GCC_WARN_UNUSED_FUNCTION = YES;
				GCC_WARN_UNUSED_VARIABLE = YES;
				IPHONEOS_DEPLOYMENT_TARGET = 17.0;
				LOCALIZATION_PREFERS_STRING_CATALOGS = YES;
				MTL_ENABLE_DEBUG_INFO = NO;
				MTL_FAST_MATH = YES;
				SDKROOT = iphoneos;
				SWIFT_COMPILATION_MODE = wholemodule;
				VALIDATE_PRODUCT = YES;
			};
			name = Release;
		};
		88FD20D42CE20F0A00E5B641 /* Debug */ = {
			isa = XCBuildConfiguration;
			buildSettings = {
				ASSETCATALOG_COMPILER_APPICON_NAME = AppIcon;
				ASSETCATALOG_COMPILER_GLOBAL_ACCENT_COLOR_NAME = AccentColor;
				CODE_SIGN_STYLE = Automatic;
				CURRENT_PROJECT_VERSION = 1;
				DEVELOPMENT_TEAM = WVKQRSC4HB;
				GENERATE_INFOPLIST_FILE = YES;
				INFOPLIST_FILE = "CollectionView Lab-1/Info.plist";
				INFOPLIST_KEY_UIApplicationSupportsIndirectInputEvents = YES;
				INFOPLIST_KEY_UILaunchStoryboardName = LaunchScreen;
				INFOPLIST_KEY_UIMainStoryboardFile = Main;
				INFOPLIST_KEY_UISupportedInterfaceOrientations_iPad = "UIInterfaceOrientationPortrait UIInterfaceOrientationPortraitUpsideDown UIInterfaceOrientationLandscapeLeft UIInterfaceOrientationLandscapeRight";
				INFOPLIST_KEY_UISupportedInterfaceOrientations_iPhone = "UIInterfaceOrientationPortrait UIInterfaceOrientationLandscapeLeft UIInterfaceOrientationLandscapeRight";
				LD_RUNPATH_SEARCH_PATHS = (
					"$(inherited)",
					"@executable_path/Frameworks",
				);
				MARKETING_VERSION = 1.0;
				PRODUCT_BUNDLE_IDENTIFIER = "com.alperencerkez.CollectionView-Lab-1";
				PRODUCT_NAME = "$(TARGET_NAME)";
				SWIFT_EMIT_LOC_STRINGS = YES;
				SWIFT_VERSION = 5.0;
				TARGETED_DEVICE_FAMILY = "1,2";
			};
			name = Debug;
		};
		88FD20D52CE20F0A00E5B641 /* Release */ = {
			isa = XCBuildConfiguration;
			buildSettings = {
				ASSETCATALOG_COMPILER_APPICON_NAME = AppIcon;
				ASSETCATALOG_COMPILER_GLOBAL_ACCENT_COLOR_NAME = AccentColor;
				CODE_SIGN_STYLE = Automatic;
				CURRENT_PROJECT_VERSION = 1;
				DEVELOPMENT_TEAM = WVKQRSC4HB;
				GENERATE_INFOPLIST_FILE = YES;
				INFOPLIST_FILE = "CollectionView Lab-1/Info.plist";
				INFOPLIST_KEY_UIApplicationSupportsIndirectInputEvents = YES;
				INFOPLIST_KEY_UILaunchStoryboardName = LaunchScreen;
				INFOPLIST_KEY_UIMainStoryboardFile = Main;
				INFOPLIST_KEY_UISupportedInterfaceOrientations_iPad = "UIInterfaceOrientationPortrait UIInterfaceOrientationPortraitUpsideDown UIInterfaceOrientationLandscapeLeft UIInterfaceOrientationLandscapeRight";
				INFOPLIST_KEY_UISupportedInterfaceOrientations_iPhone = "UIInterfaceOrientationPortrait UIInterfaceOrientationLandscapeLeft UIInterfaceOrientationLandscapeRight";
				LD_RUNPATH_SEARCH_PATHS = (
					"$(inherited)",
					"@executable_path/Frameworks",
				);
				MARKETING_VERSION = 1.0;
				PRODUCT_BUNDLE_IDENTIFIER = "com.alperencerkez.CollectionView-Lab-1";
				PRODUCT_NAME = "$(TARGET_NAME)";
				SWIFT_EMIT_LOC_STRINGS = YES;
				SWIFT_VERSION = 5.0;
				TARGETED_DEVICE_FAMILY = "1,2";
			};
			name = Release;
		};
/* End XCBuildConfiguration section */

/* Begin XCConfigurationList section */
		88FD20BA2CE20F0900E5B641 /* Build configuration list for PBXProject "CollectionView Lab-1" */ = {
			isa = XCConfigurationList;
			buildConfigurations = (
				88FD20D12CE20F0A00E5B641 /* Debug */,
				88FD20D22CE20F0A00E5B641 /* Release */,
			);
			defaultConfigurationIsVisible = 0;
			defaultConfigurationName = Release;
		};
		88FD20D32CE20F0A00E5B641 /* Build configuration list for PBXNativeTarget "CollectionView Lab-1" */ = {
			isa = XCConfigurationList;
			buildConfigurations = (
				88FD20D42CE20F0A00E5B641 /* Debug */,
				88FD20D52CE20F0A00E5B641 /* Release */,
			);
			defaultConfigurationIsVisible = 0;
			defaultConfigurationName = Release;
		};
/* End XCConfigurationList section */
	};
	rootObject = 88FD20B72CE20F0900E5B641 /* Project object */;
}
