// !$*UTF8*$!
{
	archiveVersion = 1;
	classes = {
	};
	objectVersion = 56;
	objects = {

/* Begin PBXBuildFile section */
		88E6B5042CEDF1B100A1D9BC /* AppDelegate.swift in Sources */ = {isa = PBXBuildFile; fileRef = 88E6B5032CEDF1B100A1D9BC /* AppDelegate.swift */; };
		88E6B5062CEDF1B100A1D9BC /* SceneDelegate.swift in Sources */ = {isa = PBXBuildFile; fileRef = 88E6B5052CEDF1B100A1D9BC /* SceneDelegate.swift */; };
		88E6B5082CEDF1B100A1D9BC /* ViewController.swift in Sources */ = {isa = PBXBuildFile; fileRef = 88E6B5072CEDF1B100A1D9BC /* ViewController.swift */; };
		88E6B50B2CEDF1B100A1D9BC /* Main.storyboard in Resources */ = {isa = PBXBuildFile; fileRef = 88E6B5092CEDF1B100A1D9BC /* Main.storyboard */; };
		88E6B50E2CEDF1B100A1D9BC /* NotificationCenter_Project.xcdatamodeld in Sources */ = {isa = PBXBuildFile; fileRef = 88E6B50C2CEDF1B100A1D9BC /* NotificationCenter_Project.xcdatamodeld */; };
		88E6B5102CEDF1B200A1D9BC /* Assets.xcassets in Resources */ = {isa = PBXBuildFile; fileRef = 88E6B50F2CEDF1B200A1D9BC /* Assets.xcassets */; };
		88E6B5132CEDF1B200A1D9BC /* LaunchScreen.storyboard in Resources */ = {isa = PBXBuildFile; fileRef = 88E6B5112CEDF1B200A1D9BC /* LaunchScreen.storyboard */; };
		88E6B51B2CEDF2A000A1D9BC /* ViewController2.swift in Sources */ = {isa = PBXBuildFile; fileRef = 88E6B51A2CEDF2A000A1D9BC /* ViewController2.swift */; };
		88E6B51D2CEDF3D100A1D9BC /* NotificationClass.swift in Sources */ = {isa = PBXBuildFile; fileRef = 88E6B51C2CEDF3D100A1D9BC /* NotificationClass.swift */; };
/* End PBXBuildFile section */

/* Begin PBXFileReference section */
		88E6B5002CEDF1B100A1D9BC /* NotificationCenter Project.app */ = {isa = PBXFileReference; explicitFileType = wrapper.application; includeInIndex = 0; path = "NotificationCenter Project.app"; sourceTree = BUILT_PRODUCTS_DIR; };
		88E6B5032CEDF1B100A1D9BC /* AppDelegate.swift */ = {isa = PBXFileReference; lastKnownFileType = sourcecode.swift; path = AppDelegate.swift; sourceTree = "<group>"; };
		88E6B5052CEDF1B100A1D9BC /* SceneDelegate.swift */ = {isa = PBXFileReference; lastKnownFileType = sourcecode.swift; path = SceneDelegate.swift; sourceTree = "<group>"; };
		88E6B5072CEDF1B100A1D9BC /* ViewController.swift */ = {isa = PBXFileReference; lastKnownFileType = sourcecode.swift; path = ViewController.swift; sourceTree = "<group>"; };
		88E6B50A2CEDF1B100A1D9BC /* Base */ = {isa = PBXFileReference; lastKnownFileType = file.storyboard; name = Base; path = Base.lproj/Main.storyboard; sourceTree = "<group>"; };
		88E6B50D2CEDF1B100A1D9BC /* NotificationCenter_Project.xcdatamodel */ = {isa = PBXFileReference; lastKnownFileType = wrapper.xcdatamodel; path = NotificationCenter_Project.xcdatamodel; sourceTree = "<group>"; };
		88E6B50F2CEDF1B200A1D9BC /* Assets.xcassets */ = {isa = PBXFileReference; lastKnownFileType = folder.assetcatalog; path = Assets.xcassets; sourceTree = "<group>"; };
		88E6B5122CEDF1B200A1D9BC /* Base */ = {isa = PBXFileReference; lastKnownFileType = file.storyboard; name = Base; path = Base.lproj/LaunchScreen.storyboard; sourceTree = "<group>"; };
		88E6B5142CEDF1B200A1D9BC /* Info.plist */ = {isa = PBXFileReference; lastKnownFileType = text.plist.xml; path = Info.plist; sourceTree = "<group>"; };
		88E6B51A2CEDF2A000A1D9BC /* ViewController2.swift */ = {isa = PBXFileReference; lastKnownFileType = sourcecode.swift; path = ViewController2.swift; sourceTree = "<group>"; };
		88E6B51C2CEDF3D100A1D9BC /* NotificationClass.swift */ = {isa = PBXFileReference; lastKnownFileType = sourcecode.swift; path = NotificationClass.swift; sourceTree = "<group>"; };
/* End PBXFileReference section */

/* Begin PBXFrameworksBuildPhase section */
		88E6B4FD2CEDF1B100A1D9BC /* Frameworks */ = {
			isa = PBXFrameworksBuildPhase;
			buildActionMask = 2147483647;
			files = (
			);
			runOnlyForDeploymentPostprocessing = 0;
		};
/* End PBXFrameworksBuildPhase section */

/* Begin PBXGroup section */
		88E6B4F72CEDF1B100A1D9BC = {
			isa = PBXGroup;
			children = (
				88E6B5022CEDF1B100A1D9BC /* NotificationCenter Project */,
				88E6B5012CEDF1B100A1D9BC /* Products */,
			);
			sourceTree = "<group>";
		};
		88E6B5012CEDF1B100A1D9BC /* Products */ = {
			isa = PBXGroup;
			children = (
				88E6B5002CEDF1B100A1D9BC /* NotificationCenter Project.app */,
			);
			name = Products;
			sourceTree = "<group>";
		};
		88E6B5022CEDF1B100A1D9BC /* NotificationCenter Project */ = {
			isa = PBXGroup;
			children = (
				88E6B5032CEDF1B100A1D9BC /* AppDelegate.swift */,
				88E6B5052CEDF1B100A1D9BC /* SceneDelegate.swift */,
				88E6B5072CEDF1B100A1D9BC /* ViewController.swift */,
				88E6B5092CEDF1B100A1D9BC /* Main.storyboard */,
				88E6B51C2CEDF3D100A1D9BC /* NotificationClass.swift */,
				88E6B51A2CEDF2A000A1D9BC /* ViewController2.swift */,
				88E6B50F2CEDF1B200A1D9BC /* Assets.xcassets */,
				88E6B5112CEDF1B200A1D9BC /* LaunchScreen.storyboard */,
				88E6B5142CEDF1B200A1D9BC /* Info.plist */,
				88E6B50C2CEDF1B100A1D9BC /* NotificationCenter_Project.xcdatamodeld */,
			);
			path = "NotificationCenter Project";
			sourceTree = "<group>";
		};
/* End PBXGroup section */

/* Begin PBXNativeTarget section */
		88E6B4FF2CEDF1B100A1D9BC /* NotificationCenter Project */ = {
			isa = PBXNativeTarget;
			buildConfigurationList = 88E6B5172CEDF1B200A1D9BC /* Build configuration list for PBXNativeTarget "NotificationCenter Project" */;
			buildPhases = (
				88E6B4FC2CEDF1B100A1D9BC /* Sources */,
				88E6B4FD2CEDF1B100A1D9BC /* Frameworks */,
				88E6B4FE2CEDF1B100A1D9BC /* Resources */,
			);
			buildRules = (
			);
			dependencies = (
			);
			name = "NotificationCenter Project";
			productName = "NotificationCenter Project";
			productReference = 88E6B5002CEDF1B100A1D9BC /* NotificationCenter Project.app */;
			productType = "com.apple.product-type.application";
		};
/* End PBXNativeTarget section */

/* Begin PBXProject section */
		88E6B4F82CEDF1B100A1D9BC /* Project object */ = {
			isa = PBXProject;
			attributes = {
				BuildIndependentTargetsInParallel = 1;
				LastSwiftUpdateCheck = 1500;
				LastUpgradeCheck = 1500;
				TargetAttributes = {
					88E6B4FF2CEDF1B100A1D9BC = {
						CreatedOnToolsVersion = 15.0.1;
					};
				};
			};
			buildConfigurationList = 88E6B4FB2CEDF1B100A1D9BC /* Build configuration list for PBXProject "NotificationCenter Project" */;
			compatibilityVersion = "Xcode 14.0";
			developmentRegion = en;
			hasScannedForEncodings = 0;
			knownRegions = (
				en,
				Base,
			);
			mainGroup = 88E6B4F72CEDF1B100A1D9BC;
			productRefGroup = 88E6B5012CEDF1B100A1D9BC /* Products */;
			projectDirPath = "";
			projectRoot = "";
			targets = (
				88E6B4FF2CEDF1B100A1D9BC /* NotificationCenter Project */,
			);
		};
/* End PBXProject section */

/* Begin PBXResourcesBuildPhase section */
		88E6B4FE2CEDF1B100A1D9BC /* Resources */ = {
			isa = PBXResourcesBuildPhase;
			buildActionMask = 2147483647;
			files = (
				88E6B5132CEDF1B200A1D9BC /* LaunchScreen.storyboard in Resources */,
				88E6B5102CEDF1B200A1D9BC /* Assets.xcassets in Resources */,
				88E6B50B2CEDF1B100A1D9BC /* Main.storyboard in Resources */,
			);
			runOnlyForDeploymentPostprocessing = 0;
		};
/* End PBXResourcesBuildPhase section */

/* Begin PBXSourcesBuildPhase section */
		88E6B4FC2CEDF1B100A1D9BC /* Sources */ = {
			isa = PBXSourcesBuildPhase;
			buildActionMask = 2147483647;
			files = (
				88E6B51B2CEDF2A000A1D9BC /* ViewController2.swift in Sources */,
				88E6B5082CEDF1B100A1D9BC /* ViewController.swift in Sources */,
				88E6B50E2CEDF1B100A1D9BC /* NotificationCenter_Project.xcdatamodeld in Sources */,
				88E6B51D2CEDF3D100A1D9BC /* NotificationClass.swift in Sources */,
				88E6B5042CEDF1B100A1D9BC /* AppDelegate.swift in Sources */,
				88E6B5062CEDF1B100A1D9BC /* SceneDelegate.swift in Sources */,
			);
			runOnlyForDeploymentPostprocessing = 0;
		};
/* End PBXSourcesBuildPhase section */

/* Begin PBXVariantGroup section */
		88E6B5092CEDF1B100A1D9BC /* Main.storyboard */ = {
			isa = PBXVariantGroup;
			children = (
				88E6B50A2CEDF1B100A1D9BC /* Base */,
			);
			name = Main.storyboard;
			sourceTree = "<group>";
		};
		88E6B5112CEDF1B200A1D9BC /* LaunchScreen.storyboard */ = {
			isa = PBXVariantGroup;
			children = (
				88E6B5122CEDF1B200A1D9BC /* Base */,
			);
			name = LaunchScreen.storyboard;
			sourceTree = "<group>";
		};
/* End PBXVariantGroup section */

/* Begin XCBuildConfiguration section */
		88E6B5152CEDF1B200A1D9BC /* Debug */ = {
			isa = XCBuildConfiguration;
			buildSettings = {
				ALWAYS_SEARCH_USER_PATHS = NO;
				ASSETCATALOG_COMPILER_GENERATE_SWIFT_ASSET_SYMBOL_EXTENSIONS = YES;
				CLANG_ANALYZER_NONNULL = YES;
				CLANG_ANALYZER_NUMBER_OBJECT_CONVERSION = YES_AGGRESSIVE;
				CLANG_CXX_LANGUAGE_STANDARD = "gnu++20";
				CLANG_ENABLE_MODULES = YES;
				CLANG_ENABLE_OBJC_ARC = YES;
				CLANG_ENABLE_OBJC_WEAK = YES;
				CLANG_WARN_BLOCK_CAPTURE_AUTORELEASING = YES;
				CLANG_WARN_BOOL_CONVERSION = YES;
				CLANG_WARN_COMMA = YES;
				CLANG_WARN_CONSTANT_CONVERSION = YES;
				CLANG_WARN_DEPRECATED_OBJC_IMPLEMENTATIONS = YES;
				CLANG_WARN_DIRECT_OBJC_ISA_USAGE = YES_ERROR;
				CLANG_WARN_DOCUMENTATION_COMMENTS = YES;
				CLANG_WARN_EMPTY_BODY = YES;
				CLANG_WARN_ENUM_CONVERSION = YES;
				CLANG_WARN_INFINITE_RECURSION = YES;
				CLANG_WARN_INT_CONVERSION = YES;
				CLANG_WARN_NON_LITERAL_NULL_CONVERSION = YES;
				CLANG_WARN_OBJC_IMPLICIT_RETAIN_SELF = YES;
				CLANG_WARN_OBJC_LITERAL_CONVERSION = YES;
				CLANG_WARN_OBJC_ROOT_CLASS = YES_ERROR;
				CLANG_WARN_QUOTED_INCLUDE_IN_FRAMEWORK_HEADER = YES;
				CLANG_WARN_RANGE_LOOP_ANALYSIS = YES;
				CLANG_WARN_STRICT_PROTOTYPES = YES;
				CLANG_WARN_SUSPICIOUS_MOVE = YES;
				CLANG_WARN_UNGUARDED_AVAILABILITY = YES_AGGRESSIVE;
				CLANG_WARN_UNREACHABLE_CODE = YES;
				CLANG_WARN__DUPLICATE_METHOD_MATCH = YES;
				COPY_PHASE_STRIP = NO;
				DEBUG_INFORMATION_FORMAT = dwarf;
				ENABLE_STRICT_OBJC_MSGSEND = YES;
				ENABLE_TESTABILITY = YES;
				ENABLE_USER_SCRIPT_SANDBOXING = YES;
				GCC_C_LANGUAGE_STANDARD = gnu17;
				GCC_DYNAMIC_NO_PIC = NO;
				GCC_NO_COMMON_BLOCKS = YES;
				GCC_OPTIMIZATION_LEVEL = 0;
				GCC_PREPROCESSOR_DEFINITIONS = (
					"DEBUG=1",
					"$(inherited)",
				);
				GCC_WARN_64_TO_32_BIT_CONVERSION = YES;
				GCC_WARN_ABOUT_RETURN_TYPE = YES_ERROR;
				GCC_WARN_UNDECLARED_SELECTOR = YES;
				GCC_WARN_UNINITIALIZED_AUTOS = YES_AGGRESSIVE;
				GCC_WARN_UNUSED_FUNCTION = YES;
				GCC_WARN_UNUSED_VARIABLE = YES;
				IPHONEOS_DEPLOYMENT_TARGET = 17.0;
				LOCALIZATION_PREFERS_STRING_CATALOGS = YES;
				MTL_ENABLE_DEBUG_INFO = INCLUDE_SOURCE;
				MTL_FAST_MATH = YES;
				ONLY_ACTIVE_ARCH = YES;
				SDKROOT = iphoneos;
				SWIFT_ACTIVE_COMPILATION_CONDITIONS = "DEBUG $(inherited)";
				SWIFT_OPTIMIZATION_LEVEL = "-Onone";
			};
			name = Debug;
		};
		88E6B5162CEDF1B200A1D9BC /* Release */ = {
			isa = XCBuildConfiguration;
			buildSettings = {
				ALWAYS_SEARCH_USER_PATHS = NO;
				ASSETCATALOG_COMPILER_GENERATE_SWIFT_ASSET_SYMBOL_EXTENSIONS = YES;
				CLANG_ANALYZER_NONNULL = YES;
				CLANG_ANALYZER_NUMBER_OBJECT_CONVERSION = YES_AGGRESSIVE;
				CLANG_CXX_LANGUAGE_STANDARD = "gnu++20";
				CLANG_ENABLE_MODULES = YES;
				CLANG_ENABLE_OBJC_ARC = YES;
				CLANG_ENABLE_OBJC_WEAK = YES;
				CLANG_WARN_BLOCK_CAPTURE_AUTORELEASING = YES;
				CLANG_WARN_BOOL_CONVERSION = YES;
				CLANG_WARN_COMMA = YES;
				CLANG_WARN_CONSTANT_CONVERSION = YES;
				CLANG_WARN_DEPRECATED_OBJC_IMPLEMENTATIONS = YES;
				CLANG_WARN_DIRECT_OBJC_ISA_USAGE = YES_ERROR;
				CLANG_WARN_DOCUMENTATION_COMMENTS = YES;
				CLANG_WARN_EMPTY_BODY = YES;
				CLANG_WARN_ENUM_CONVERSION = YES;
				CLANG_WARN_INFINITE_RECURSION = YES;
				CLANG_WARN_INT_CONVERSION = YES;
				CLANG_WARN_NON_LITERAL_NULL_CONVERSION = YES;
				CLANG_WARN_OBJC_IMPLICIT_RETAIN_SELF = YES;
				CLANG_WARN_OBJC_LITERAL_CONVERSION = YES;
				CLANG_WARN_OBJC_ROOT_CLASS = YES_ERROR;
				CLANG_WARN_QUOTED_INCLUDE_IN_FRAMEWORK_HEADER = YES;
				CLANG_WARN_RANGE_LOOP_ANALYSIS = YES;
				CLANG_WARN_STRICT_PROTOTYPES = YES;
				CLANG_WARN_SUSPICIOUS_MOVE = YES;
				CLANG_WARN_UNGUARDED_AVAILABILITY = YES_AGGRESSIVE;
				CLANG_WARN_UNREACHABLE_CODE = YES;
				CLANG_WARN__DUPLICATE_METHOD_MATCH = YES;
				COPY_PHASE_STRIP = NO;
				DEBUG_INFORMATION_FORMAT = "dwarf-with-dsym";
				ENABLE_NS_ASSERTIONS = NO;
				ENABLE_STRICT_OBJC_MSGSEND = YES;
				ENABLE_USER_SCRIPT_SANDBOXING = YES;
				GCC_C_LANGUAGE_STANDARD = gnu17;
				GCC_NO_COMMON_BLOCKS = YES;
				GCC_WARN_64_TO_32_BIT_CONVERSION = YES;
				GCC_WARN_ABOUT_RETURN_TYPE = YES_ERROR;
				GCC_WARN_UNDECLARED_SELECTOR = YES;
				GCC_WARN_UNINITIALIZED_AUTOS = YES_AGGRESSIVE;
				GCC_WARN_UNUSED_FUNCTION = YES;
				GCC_WARN_UNUSED_VARIABLE = YES;
				IPHONEOS_DEPLOYMENT_TARGET = 17.0;
				LOCALIZATION_PREFERS_STRING_CATALOGS = YES;
				MTL_ENABLE_DEBUG_INFO = NO;
				MTL_FAST_MATH = YES;
				SDKROOT = iphoneos;
				SWIFT_COMPILATION_MODE = wholemodule;
				VALIDATE_PRODUCT = YES;
			};
			name = Release;
		};
		88E6B5182CEDF1B200A1D9BC /* Debug */ = {
			isa = XCBuildConfiguration;
			buildSettings = {
				ASSETCATALOG_COMPILER_APPICON_NAME = AppIcon;
				ASSETCATALOG_COMPILER_GLOBAL_ACCENT_COLOR_NAME = AccentColor;
				CODE_SIGN_STYLE = Automatic;
				CURRENT_PROJECT_VERSION = 1;
				DEVELOPMENT_TEAM = WVKQRSC4HB;
				GENERATE_INFOPLIST_FILE = YES;
				INFOPLIST_FILE = "NotificationCenter Project/Info.plist";
				INFOPLIST_KEY_UIApplicationSupportsIndirectInputEvents = YES;
				INFOPLIST_KEY_UILaunchStoryboardName = LaunchScreen;
				INFOPLIST_KEY_UIMainStoryboardFile = Main;
				INFOPLIST_KEY_UISupportedInterfaceOrientations_iPad = "UIInterfaceOrientationPortrait UIInterfaceOrientationPortraitUpsideDown UIInterfaceOrientationLandscapeLeft UIInterfaceOrientationLandscapeRight";
				INFOPLIST_KEY_UISupportedInterfaceOrientations_iPhone = "UIInterfaceOrientationPortrait UIInterfaceOrientationLandscapeLeft UIInterfaceOrientationLandscapeRight";
				LD_RUNPATH_SEARCH_PATHS = (
					"$(inherited)",
					"@executable_path/Frameworks",
				);
				MARKETING_VERSION = 1.0;
				PRODUCT_BUNDLE_IDENTIFIER = "com.alperencerkez.NotificationCenter-Project";
				PRODUCT_NAME = "$(TARGET_NAME)";
				SWIFT_EMIT_LOC_STRINGS = YES;
				SWIFT_VERSION = 5.0;
				TARGETED_DEVICE_FAMILY = "1,2";
			};
			name = Debug;
		};
		88E6B5192CEDF1B200A1D9BC /* Release */ = {
			isa = XCBuildConfiguration;
			buildSettings = {
				ASSETCATALOG_COMPILER_APPICON_NAME = AppIcon;
				ASSETCATALOG_COMPILER_GLOBAL_ACCENT_COLOR_NAME = AccentColor;
				CODE_SIGN_STYLE = Automatic;
				CURRENT_PROJECT_VERSION = 1;
				DEVELOPMENT_TEAM = WVKQRSC4HB;
				GENERATE_INFOPLIST_FILE = YES;
				INFOPLIST_FILE = "NotificationCenter Project/Info.plist";
				INFOPLIST_KEY_UIApplicationSupportsIndirectInputEvents = YES;
				INFOPLIST_KEY_UILaunchStoryboardName = LaunchScreen;
				INFOPLIST_KEY_UIMainStoryboardFile = Main;
				INFOPLIST_KEY_UISupportedInterfaceOrientations_iPad = "UIInterfaceOrientationPortrait UIInterfaceOrientationPortraitUpsideDown UIInterfaceOrientationLandscapeLeft UIInterfaceOrientationLandscapeRight";
				INFOPLIST_KEY_UISupportedInterfaceOrientations_iPhone = "UIInterfaceOrientationPortrait UIInterfaceOrientationLandscapeLeft UIInterfaceOrientationLandscapeRight";
				LD_RUNPATH_SEARCH_PATHS = (
					"$(inherited)",
					"@executable_path/Frameworks",
				);
				MARKETING_VERSION = 1.0;
				PRODUCT_BUNDLE_IDENTIFIER = "com.alperencerkez.NotificationCenter-Project";
				PRODUCT_NAME = "$(TARGET_NAME)";
				SWIFT_EMIT_LOC_STRINGS = YES;
				SWIFT_VERSION = 5.0;
				TARGETED_DEVICE_FAMILY = "1,2";
			};
			name = Release;
		};
/* End XCBuildConfiguration section */

/* Begin XCConfigurationList section */
		88E6B4FB2CEDF1B100A1D9BC /* Build configuration list for PBXProject "NotificationCenter Project" */ = {
			isa = XCConfigurationList;
			buildConfigurations = (
				88E6B5152CEDF1B200A1D9BC /* Debug */,
				88E6B5162CEDF1B200A1D9BC /* Release */,
			);
			defaultConfigurationIsVisible = 0;
			defaultConfigurationName = Release;
		};
		88E6B5172CEDF1B200A1D9BC /* Build configuration list for PBXNativeTarget "NotificationCenter Project" */ = {
			isa = XCConfigurationList;
			buildConfigurations = (
				88E6B5182CEDF1B200A1D9BC /* Debug */,
				88E6B5192CEDF1B200A1D9BC /* Release */,
			);
			defaultConfigurationIsVisible = 0;
			defaultConfigurationName = Release;
		};
/* End XCConfigurationList section */

/* Begin XCVersionGroup section */
		88E6B50C2CEDF1B100A1D9BC /* NotificationCenter_Project.xcdatamodeld */ = {
			isa = XCVersionGroup;
			children = (
				88E6B50D2CEDF1B100A1D9BC /* NotificationCenter_Project.xcdatamodel */,
			);
			currentVersion = 88E6B50D2CEDF1B100A1D9BC /* NotificationCenter_Project.xcdatamodel */;
			path = NotificationCenter_Project.xcdatamodeld;
			sourceTree = "<group>";
			versionGroupType = wrapper.xcdatamodel;
		};
/* End XCVersionGroup section */
	};
	rootObject = 88E6B4F82CEDF1B100A1D9BC /* Project object */;
}
