// !$*UTF8*$!
{
	archiveVersion = 1;
	classes = {
	};
	objectVersion = 56;
	objects = {

/* Begin PBXBuildFile section */
		07218D32069EF7838728263F /* Pods_Workspace.framework in Frameworks */ = {isa = PBXBuildFile; fileRef = DB327B40764AA8751C802661 /* Pods_Workspace.framework */; };
		880CE5F92CE7E8720027F236 /* AppDelegate.swift in Sources */ = {isa = PBXBuildFile; fileRef = 880CE5F82CE7E8720027F236 /* AppDelegate.swift */; };
		880CE5FB2CE7E8720027F236 /* SceneDelegate.swift in Sources */ = {isa = PBXBuildFile; fileRef = 880CE5FA2CE7E8720027F236 /* SceneDelegate.swift */; };
		880CE5FD2CE7E8720027F236 /* ViewController.swift in Sources */ = {isa = PBXBuildFile; fileRef = 880CE5FC2CE7E8720027F236 /* ViewController.swift */; };
		880CE6002CE7E8720027F236 /* Main.storyboard in Resources */ = {isa = PBXBuildFile; fileRef = 880CE5FE2CE7E8720027F236 /* Main.storyboard */; };
		880CE6032CE7E8720027F236 /* Workspace.xcdatamodeld in Sources */ = {isa = PBXBuildFile; fileRef = 880CE6012CE7E8720027F236 /* Workspace.xcdatamodeld */; };
		880CE6052CE7E8730027F236 /* Assets.xcassets in Resources */ = {isa = PBXBuildFile; fileRef = 880CE6042CE7E8730027F236 /* Assets.xcassets */; };
		880CE6082CE7E8730027F236 /* LaunchScreen.storyboard in Resources */ = {isa = PBXBuildFile; fileRef = 880CE6062CE7E8730027F236 /* LaunchScreen.storyboard */; };
/* End PBXBuildFile section */

/* Begin PBXFileReference section */
		613EB67899F357BF69F26719 /* Pods-Workspace.release.xcconfig */ = {isa = PBXFileReference; includeInIndex = 1; lastKnownFileType = text.xcconfig; name = "Pods-Workspace.release.xcconfig"; path = "Target Support Files/Pods-Workspace/Pods-Workspace.release.xcconfig"; sourceTree = "<group>"; };
		880CE5F52CE7E8720027F236 /* Workspace.app */ = {isa = PBXFileReference; explicitFileType = wrapper.application; includeInIndex = 0; path = Workspace.app; sourceTree = BUILT_PRODUCTS_DIR; };
		880CE5F82CE7E8720027F236 /* AppDelegate.swift */ = {isa = PBXFileReference; lastKnownFileType = sourcecode.swift; path = AppDelegate.swift; sourceTree = "<group>"; };
		880CE5FA2CE7E8720027F236 /* SceneDelegate.swift */ = {isa = PBXFileReference; lastKnownFileType = sourcecode.swift; path = SceneDelegate.swift; sourceTree = "<group>"; };
		880CE5FC2CE7E8720027F236 /* ViewController.swift */ = {isa = PBXFileReference; lastKnownFileType = sourcecode.swift; path = ViewController.swift; sourceTree = "<group>"; };
		880CE5FF2CE7E8720027F236 /* Base */ = {isa = PBXFileReference; lastKnownFileType = file.storyboard; name = Base; path = Base.lproj/Main.storyboard; sourceTree = "<group>"; };
		880CE6022CE7E8720027F236 /* Workspace.xcdatamodel */ = {isa = PBXFileReference; lastKnownFileType = wrapper.xcdatamodel; path = Workspace.xcdatamodel; sourceTree = "<group>"; };
		880CE6042CE7E8730027F236 /* Assets.xcassets */ = {isa = PBXFileReference; lastKnownFileType = folder.assetcatalog; path = Assets.xcassets; sourceTree = "<group>"; };
		880CE6072CE7E8730027F236 /* Base */ = {isa = PBXFileReference; lastKnownFileType = file.storyboard; name = Base; path = Base.lproj/LaunchScreen.storyboard; sourceTree = "<group>"; };
		880CE6092CE7E8730027F236 /* Info.plist */ = {isa = PBXFileReference; lastKnownFileType = text.plist.xml; path = Info.plist; sourceTree = "<group>"; };
		9EF3A36D8FED6CAF89AB8565 /* Pods-Workspace.debug.xcconfig */ = {isa = PBXFileReference; includeInIndex = 1; lastKnownFileType = text.xcconfig; name = "Pods-Workspace.debug.xcconfig"; path = "Target Support Files/Pods-Workspace/Pods-Workspace.debug.xcconfig"; sourceTree = "<group>"; };
		DB327B40764AA8751C802661 /* Pods_Workspace.framework */ = {isa = PBXFileReference; explicitFileType = wrapper.framework; includeInIndex = 0; path = Pods_Workspace.framework; sourceTree = BUILT_PRODUCTS_DIR; };
/* End PBXFileReference section */

/* Begin PBXFrameworksBuildPhase section */
		880CE5F22CE7E8720027F236 /* Frameworks */ = {
			isa = PBXFrameworksBuildPhase;
			buildActionMask = 2147483647;
			files = (
				07218D32069EF7838728263F /* Pods_Workspace.framework in Frameworks */,
			);
			runOnlyForDeploymentPostprocessing = 0;
		};
/* End PBXFrameworksBuildPhase section */

/* Begin PBXGroup section */
		02084274E973C8243A2DEA9C /* Pods */ = {
			isa = PBXGroup;
			children = (
				9EF3A36D8FED6CAF89AB8565 /* Pods-Workspace.debug.xcconfig */,
				613EB67899F357BF69F26719 /* Pods-Workspace.release.xcconfig */,
			);
			name = Pods;
			path = Pods;
			sourceTree = "<group>";
		};
		880CE5EC2CE7E8720027F236 = {
			isa = PBXGroup;
			children = (
				880CE5F72CE7E8720027F236 /* Workspace */,
				880CE5F62CE7E8720027F236 /* Products */,
				02084274E973C8243A2DEA9C /* Pods */,
				D5628DED392F1F1691DD4240 /* Frameworks */,
			);
			sourceTree = "<group>";
		};
		880CE5F62CE7E8720027F236 /* Products */ = {
			isa = PBXGroup;
			children = (
				880CE5F52CE7E8720027F236 /* Workspace.app */,
			);
			name = Products;
			sourceTree = "<group>";
		};
		880CE5F72CE7E8720027F236 /* Workspace */ = {
			isa = PBXGroup;
			children = (
				880CE5F82CE7E8720027F236 /* AppDelegate.swift */,
				880CE5FA2CE7E8720027F236 /* SceneDelegate.swift */,
				880CE5FC2CE7E8720027F236 /* ViewController.swift */,
				880CE5FE2CE7E8720027F236 /* Main.storyboard */,
				880CE6042CE7E8730027F236 /* Assets.xcassets */,
				880CE6062CE7E8730027F236 /* LaunchScreen.storyboard */,
				880CE6092CE7E8730027F236 /* Info.plist */,
				880CE6012CE7E8720027F236 /* Workspace.xcdatamodeld */,
			);
			path = Workspace;
			sourceTree = "<group>";
		};
		D5628DED392F1F1691DD4240 /* Frameworks */ = {
			isa = PBXGroup;
			children = (
				DB327B40764AA8751C802661 /* Pods_Workspace.framework */,
			);
			name = Frameworks;
			sourceTree = "<group>";
		};
/* End PBXGroup section */

/* Begin PBXNativeTarget section */
		880CE5F42CE7E8720027F236 /* Workspace */ = {
			isa = PBXNativeTarget;
			buildConfigurationList = 880CE60C2CE7E8730027F236 /* Build configuration list for PBXNativeTarget "Workspace" */;
			buildPhases = (
				9478A9AC7BB603BD49DA1C5E /* [CP] Check Pods Manifest.lock */,
				880CE5F12CE7E8720027F236 /* Sources */,
				880CE5F22CE7E8720027F236 /* Frameworks */,
				880CE5F32CE7E8720027F236 /* Resources */,
			);
			buildRules = (
			);
			dependencies = (
			);
			name = Workspace;
			productName = Workspace;
			productReference = 880CE5F52CE7E8720027F236 /* Workspace.app */;
			productType = "com.apple.product-type.application";
		};
/* End PBXNativeTarget section */

/* Begin PBXProject section */
		880CE5ED2CE7E8720027F236 /* Project object */ = {
			isa = PBXProject;
			attributes = {
				BuildIndependentTargetsInParallel = 1;
				LastSwiftUpdateCheck = 1500;
				LastUpgradeCheck = 1500;
				TargetAttributes = {
					880CE5F42CE7E8720027F236 = {
						CreatedOnToolsVersion = 15.0.1;
					};
				};
			};
			buildConfigurationList = 880CE5F02CE7E8720027F236 /* Build configuration list for PBXProject "Workspace" */;
			compatibilityVersion = "Xcode 14.0";
			developmentRegion = en;
			hasScannedForEncodings = 0;
			knownRegions = (
				en,
				Base,
			);
			mainGroup = 880CE5EC2CE7E8720027F236;
			productRefGroup = 880CE5F62CE7E8720027F236 /* Products */;
			projectDirPath = "";
			projectRoot = "";
			targets = (
				880CE5F42CE7E8720027F236 /* Workspace */,
			);
		};
/* End PBXProject section */

/* Begin PBXResourcesBuildPhase section */
		880CE5F32CE7E8720027F236 /* Resources */ = {
			isa = PBXResourcesBuildPhase;
			buildActionMask = 2147483647;
			files = (
				880CE6082CE7E8730027F236 /* LaunchScreen.storyboard in Resources */,
				880CE6052CE7E8730027F236 /* Assets.xcassets in Resources */,
				880CE6002CE7E8720027F236 /* Main.storyboard in Resources */,
			);
			runOnlyForDeploymentPostprocessing = 0;
		};
/* End PBXResourcesBuildPhase section */

/* Begin PBXShellScriptBuildPhase section */
		9478A9AC7BB603BD49DA1C5E /* [CP] Check Pods Manifest.lock */ = {
			isa = PBXShellScriptBuildPhase;
			buildActionMask = 2147483647;
			files = (
			);
			inputFileListPaths = (
			);
			inputPaths = (
				"${PODS_PODFILE_DIR_PATH}/Podfile.lock",
				"${PODS_ROOT}/Manifest.lock",
			);
			name = "[CP] Check Pods Manifest.lock";
			outputFileListPaths = (
			);
			outputPaths = (
				"$(DERIVED_FILE_DIR)/Pods-Workspace-checkManifestLockResult.txt",
			);
			runOnlyForDeploymentPostprocessing = 0;
			shellPath = /bin/sh;
			shellScript = "diff \"${PODS_PODFILE_DIR_PATH}/Podfile.lock\" \"${PODS_ROOT}/Manifest.lock\" > /dev/null\nif [ $? != 0 ] ; then\n    # print error to STDERR\n    echo \"error: The sandbox is not in sync with the Podfile.lock. Run 'pod install' or update your CocoaPods installation.\" >&2\n    exit 1\nfi\n# This output is used by Xcode 'outputs' to avoid re-running this script phase.\necho \"SUCCESS\" > \"${SCRIPT_OUTPUT_FILE_0}\"\n";
			showEnvVarsInLog = 0;
		};
/* End PBXShellScriptBuildPhase section */

/* Begin PBXSourcesBuildPhase section */
		880CE5F12CE7E8720027F236 /* Sources */ = {
			isa = PBXSourcesBuildPhase;
			buildActionMask = 2147483647;
			files = (
				880CE5FD2CE7E8720027F236 /* ViewController.swift in Sources */,
				880CE6032CE7E8720027F236 /* Workspace.xcdatamodeld in Sources */,
				880CE5F92CE7E8720027F236 /* AppDelegate.swift in Sources */,
				880CE5FB2CE7E8720027F236 /* SceneDelegate.swift in Sources */,
			);
			runOnlyForDeploymentPostprocessing = 0;
		};
/* End PBXSourcesBuildPhase section */

/* Begin PBXVariantGroup section */
		880CE5FE2CE7E8720027F236 /* Main.storyboard */ = {
			isa = PBXVariantGroup;
			children = (
				880CE5FF2CE7E8720027F236 /* Base */,
			);
			name = Main.storyboard;
			sourceTree = "<group>";
		};
		880CE6062CE7E8730027F236 /* LaunchScreen.storyboard */ = {
			isa = PBXVariantGroup;
			children = (
				880CE6072CE7E8730027F236 /* Base */,
			);
			name = LaunchScreen.storyboard;
			sourceTree = "<group>";
		};
/* End PBXVariantGroup section */

/* Begin XCBuildConfiguration section */
		880CE60A2CE7E8730027F236 /* Debug */ = {
			isa = XCBuildConfiguration;
			buildSettings = {
				ALWAYS_SEARCH_USER_PATHS = NO;
				ASSETCATALOG_COMPILER_GENERATE_SWIFT_ASSET_SYMBOL_EXTENSIONS = YES;
				CLANG_ANALYZER_NONNULL = YES;
				CLANG_ANALYZER_NUMBER_OBJECT_CONVERSION = YES_AGGRESSIVE;
				CLANG_CXX_LANGUAGE_STANDARD = "gnu++20";
				CLANG_ENABLE_MODULES = YES;
				CLANG_ENABLE_OBJC_ARC = YES;
				CLANG_ENABLE_OBJC_WEAK = YES;
				CLANG_WARN_BLOCK_CAPTURE_AUTORELEASING = YES;
				CLANG_WARN_BOOL_CONVERSION = YES;
				CLANG_WARN_COMMA = YES;
				CLANG_WARN_CONSTANT_CONVERSION = YES;
				CLANG_WARN_DEPRECATED_OBJC_IMPLEMENTATIONS = YES;
				CLANG_WARN_DIRECT_OBJC_ISA_USAGE = YES_ERROR;
				CLANG_WARN_DOCUMENTATION_COMMENTS = YES;
				CLANG_WARN_EMPTY_BODY = YES;
				CLANG_WARN_ENUM_CONVERSION = YES;
				CLANG_WARN_INFINITE_RECURSION = YES;
				CLANG_WARN_INT_CONVERSION = YES;
				CLANG_WARN_NON_LITERAL_NULL_CONVERSION = YES;
				CLANG_WARN_OBJC_IMPLICIT_RETAIN_SELF = YES;
				CLANG_WARN_OBJC_LITERAL_CONVERSION = YES;
				CLANG_WARN_OBJC_ROOT_CLASS = YES_ERROR;
				CLANG_WARN_QUOTED_INCLUDE_IN_FRAMEWORK_HEADER = YES;
				CLANG_WARN_RANGE_LOOP_ANALYSIS = YES;
				CLANG_WARN_STRICT_PROTOTYPES = YES;
				CLANG_WARN_SUSPICIOUS_MOVE = YES;
				CLANG_WARN_UNGUARDED_AVAILABILITY = YES_AGGRESSIVE;
				CLANG_WARN_UNREACHABLE_CODE = YES;
				CLANG_WARN__DUPLICATE_METHOD_MATCH = YES;
				COPY_PHASE_STRIP = NO;
				DEBUG_INFORMATION_FORMAT = dwarf;
				ENABLE_STRICT_OBJC_MSGSEND = YES;
				ENABLE_TESTABILITY = YES;
				ENABLE_USER_SCRIPT_SANDBOXING = YES;
				GCC_C_LANGUAGE_STANDARD = gnu17;
				GCC_DYNAMIC_NO_PIC = NO;
				GCC_NO_COMMON_BLOCKS = YES;
				GCC_OPTIMIZATION_LEVEL = 0;
				GCC_PREPROCESSOR_DEFINITIONS = (
					"DEBUG=1",
					"$(inherited)",
				);
				GCC_WARN_64_TO_32_BIT_CONVERSION = YES;
				GCC_WARN_ABOUT_RETURN_TYPE = YES_ERROR;
				GCC_WARN_UNDECLARED_SELECTOR = YES;
				GCC_WARN_UNINITIALIZED_AUTOS = YES_AGGRESSIVE;
				GCC_WARN_UNUSED_FUNCTION = YES;
				GCC_WARN_UNUSED_VARIABLE = YES;
				IPHONEOS_DEPLOYMENT_TARGET = 17.0;
				LOCALIZATION_PREFERS_STRING_CATALOGS = YES;
				MTL_ENABLE_DEBUG_INFO = INCLUDE_SOURCE;
				MTL_FAST_MATH = YES;
				ONLY_ACTIVE_ARCH = YES;
				SDKROOT = iphoneos;
				SWIFT_ACTIVE_COMPILATION_CONDITIONS = "DEBUG $(inherited)";
				SWIFT_OPTIMIZATION_LEVEL = "-Onone";
			};
			name = Debug;
		};
		880CE60B2CE7E8730027F236 /* Release */ = {
			isa = XCBuildConfiguration;
			buildSettings = {
				ALWAYS_SEARCH_USER_PATHS = NO;
				ASSETCATALOG_COMPILER_GENERATE_SWIFT_ASSET_SYMBOL_EXTENSIONS = YES;
				CLANG_ANALYZER_NONNULL = YES;
				CLANG_ANALYZER_NUMBER_OBJECT_CONVERSION = YES_AGGRESSIVE;
				CLANG_CXX_LANGUAGE_STANDARD = "gnu++20";
				CLANG_ENABLE_MODULES = YES;
				CLANG_ENABLE_OBJC_ARC = YES;
				CLANG_ENABLE_OBJC_WEAK = YES;
				CLANG_WARN_BLOCK_CAPTURE_AUTORELEASING = YES;
				CLANG_WARN_BOOL_CONVERSION = YES;
				CLANG_WARN_COMMA = YES;
				CLANG_WARN_CONSTANT_CONVERSION = YES;
				CLANG_WARN_DEPRECATED_OBJC_IMPLEMENTATIONS = YES;
				CLANG_WARN_DIRECT_OBJC_ISA_USAGE = YES_ERROR;
				CLANG_WARN_DOCUMENTATION_COMMENTS = YES;
				CLANG_WARN_EMPTY_BODY = YES;
				CLANG_WARN_ENUM_CONVERSION = YES;
				CLANG_WARN_INFINITE_RECURSION = YES;
				CLANG_WARN_INT_CONVERSION = YES;
				CLANG_WARN_NON_LITERAL_NULL_CONVERSION = YES;
				CLANG_WARN_OBJC_IMPLICIT_RETAIN_SELF = YES;
				CLANG_WARN_OBJC_LITERAL_CONVERSION = YES;
				CLANG_WARN_OBJC_ROOT_CLASS = YES_ERROR;
				CLANG_WARN_QUOTED_INCLUDE_IN_FRAMEWORK_HEADER = YES;
				CLANG_WARN_RANGE_LOOP_ANALYSIS = YES;
				CLANG_WARN_STRICT_PROTOTYPES = YES;
				CLANG_WARN_SUSPICIOUS_MOVE = YES;
				CLANG_WARN_UNGUARDED_AVAILABILITY = YES_AGGRESSIVE;
				CLANG_WARN_UNREACHABLE_CODE = YES;
				CLANG_WARN__DUPLICATE_METHOD_MATCH = YES;
				COPY_PHASE_STRIP = NO;
				DEBUG_INFORMATION_FORMAT = "dwarf-with-dsym";
				ENABLE_NS_ASSERTIONS = NO;
				ENABLE_STRICT_OBJC_MSGSEND = YES;
				ENABLE_USER_SCRIPT_SANDBOXING = YES;
				GCC_C_LANGUAGE_STANDARD = gnu17;
				GCC_NO_COMMON_BLOCKS = YES;
				GCC_WARN_64_TO_32_BIT_CONVERSION = YES;
				GCC_WARN_ABOUT_RETURN_TYPE = YES_ERROR;
				GCC_WARN_UNDECLARED_SELECTOR = YES;
				GCC_WARN_UNINITIALIZED_AUTOS = YES_AGGRESSIVE;
				GCC_WARN_UNUSED_FUNCTION = YES;
				GCC_WARN_UNUSED_VARIABLE = YES;
				IPHONEOS_DEPLOYMENT_TARGET = 17.0;
				LOCALIZATION_PREFERS_STRING_CATALOGS = YES;
				MTL_ENABLE_DEBUG_INFO = NO;
				MTL_FAST_MATH = YES;
				SDKROOT = iphoneos;
				SWIFT_COMPILATION_MODE = wholemodule;
				VALIDATE_PRODUCT = YES;
			};
			name = Release;
		};
		880CE60D2CE7E8730027F236 /* Debug */ = {
			isa = XCBuildConfiguration;
			baseConfigurationReference = 9EF3A36D8FED6CAF89AB8565 /* Pods-Workspace.debug.xcconfig */;
			buildSettings = {
				ASSETCATALOG_COMPILER_APPICON_NAME = AppIcon;
				ASSETCATALOG_COMPILER_GLOBAL_ACCENT_COLOR_NAME = AccentColor;
				CODE_SIGN_STYLE = Automatic;
				CURRENT_PROJECT_VERSION = 1;
				DEVELOPMENT_TEAM = WVKQRSC4HB;
				GENERATE_INFOPLIST_FILE = YES;
				INFOPLIST_FILE = Workspace/Info.plist;
				INFOPLIST_KEY_UIApplicationSupportsIndirectInputEvents = YES;
				INFOPLIST_KEY_UILaunchStoryboardName = LaunchScreen;
				INFOPLIST_KEY_UIMainStoryboardFile = Main;
				INFOPLIST_KEY_UISupportedInterfaceOrientations_iPad = "UIInterfaceOrientationPortrait UIInterfaceOrientationPortraitUpsideDown UIInterfaceOrientationLandscapeLeft UIInterfaceOrientationLandscapeRight";
				INFOPLIST_KEY_UISupportedInterfaceOrientations_iPhone = "UIInterfaceOrientationPortrait UIInterfaceOrientationLandscapeLeft UIInterfaceOrientationLandscapeRight";
				LD_RUNPATH_SEARCH_PATHS = (
					"$(inherited)",
					"@executable_path/Frameworks",
				);
				MARKETING_VERSION = 1.0;
				PRODUCT_BUNDLE_IDENTIFIER = com.alperencerkez.Workspace;
				PRODUCT_NAME = "$(TARGET_NAME)";
				SWIFT_EMIT_LOC_STRINGS = YES;
				SWIFT_VERSION = 5.0;
				TARGETED_DEVICE_FAMILY = "1,2";
			};
			name = Debug;
		};
		880CE60E2CE7E8730027F236 /* Release */ = {
			isa = XCBuildConfiguration;
			baseConfigurationReference = 613EB67899F357BF69F26719 /* Pods-Workspace.release.xcconfig */;
			buildSettings = {
				ASSETCATALOG_COMPILER_APPICON_NAME = AppIcon;
				ASSETCATALOG_COMPILER_GLOBAL_ACCENT_COLOR_NAME = AccentColor;
				CODE_SIGN_STYLE = Automatic;
				CURRENT_PROJECT_VERSION = 1;
				DEVELOPMENT_TEAM = WVKQRSC4HB;
				GENERATE_INFOPLIST_FILE = YES;
				INFOPLIST_FILE = Workspace/Info.plist;
				INFOPLIST_KEY_UIApplicationSupportsIndirectInputEvents = YES;
				INFOPLIST_KEY_UILaunchStoryboardName = LaunchScreen;
				INFOPLIST_KEY_UIMainStoryboardFile = Main;
				INFOPLIST_KEY_UISupportedInterfaceOrientations_iPad = "UIInterfaceOrientationPortrait UIInterfaceOrientationPortraitUpsideDown UIInterfaceOrientationLandscapeLeft UIInterfaceOrientationLandscapeRight";
				INFOPLIST_KEY_UISupportedInterfaceOrientations_iPhone = "UIInterfaceOrientationPortrait UIInterfaceOrientationLandscapeLeft UIInterfaceOrientationLandscapeRight";
				LD_RUNPATH_SEARCH_PATHS = (
					"$(inherited)",
					"@executable_path/Frameworks",
				);
				MARKETING_VERSION = 1.0;
				PRODUCT_BUNDLE_IDENTIFIER = com.alperencerkez.Workspace;
				PRODUCT_NAME = "$(TARGET_NAME)";
				SWIFT_EMIT_LOC_STRINGS = YES;
				SWIFT_VERSION = 5.0;
				TARGETED_DEVICE_FAMILY = "1,2";
			};
			name = Release;
		};
/* End XCBuildConfiguration section */

/* Begin XCConfigurationList section */
		880CE5F02CE7E8720027F236 /* Build configuration list for PBXProject "Workspace" */ = {
			isa = XCConfigurationList;
			buildConfigurations = (
				880CE60A2CE7E8730027F236 /* Debug */,
				880CE60B2CE7E8730027F236 /* Release */,
			);
			defaultConfigurationIsVisible = 0;
			defaultConfigurationName = Release;
		};
		880CE60C2CE7E8730027F236 /* Build configuration list for PBXNativeTarget "Workspace" */ = {
			isa = XCConfigurationList;
			buildConfigurations = (
				880CE60D2CE7E8730027F236 /* Debug */,
				880CE60E2CE7E8730027F236 /* Release */,
			);
			defaultConfigurationIsVisible = 0;
			defaultConfigurationName = Release;
		};
/* End XCConfigurationList section */

/* Begin XCVersionGroup section */
		880CE6012CE7E8720027F236 /* Workspace.xcdatamodeld */ = {
			isa = XCVersionGroup;
			children = (
				880CE6022CE7E8720027F236 /* Workspace.xcdatamodel */,
			);
			currentVersion = 880CE6022CE7E8720027F236 /* Workspace.xcdatamodel */;
			path = Workspace.xcdatamodeld;
			sourceTree = "<group>";
			versionGroupType = wrapper.xcdatamodel;
		};
/* End XCVersionGroup section */
	};
	rootObject = 880CE5ED2CE7E8720027F236 /* Project object */;
}
