// !$*UTF8*$!
{
	archiveVersion = 1;
	classes = {
	};
	objectVersion = 56;
	objects = {

/* Begin PBXBuildFile section */
		8861CD3E2CEB614300AE9890 /* AppDelegate.swift in Sources */ = {isa = PBXBuildFile; fileRef = 8861CD3D2CEB614300AE9890 /* AppDelegate.swift */; };
		8861CD402CEB614300AE9890 /* SceneDelegate.swift in Sources */ = {isa = PBXBuildFile; fileRef = 8861CD3F2CEB614300AE9890 /* SceneDelegate.swift */; };
		8861CD422CEB614300AE9890 /* ViewController.swift in Sources */ = {isa = PBXBuildFile; fileRef = 8861CD412CEB614300AE9890 /* ViewController.swift */; };
		8861CD452CEB614300AE9890 /* Main.storyboard in Resources */ = {isa = PBXBuildFile; fileRef = 8861CD432CEB614300AE9890 /* Main.storyboard */; };
		8861CD482CEB614300AE9890 /* Firebase.xcdatamodeld in Sources */ = {isa = PBXBuildFile; fileRef = 8861CD462CEB614300AE9890 /* Firebase.xcdatamodeld */; };
		8861CD4A2CEB614400AE9890 /* Assets.xcassets in Resources */ = {isa = PBXBuildFile; fileRef = 8861CD492CEB614400AE9890 /* Assets.xcassets */; };
		8861CD4D2CEB614400AE9890 /* LaunchScreen.storyboard in Resources */ = {isa = PBXBuildFile; fileRef = 8861CD4B2CEB614400AE9890 /* LaunchScreen.storyboard */; };
		8861CD562CEB623600AE9890 /* TVC_Row.swift in Sources */ = {isa = PBXBuildFile; fileRef = 8861CD542CEB623600AE9890 /* TVC_Row.swift */; };
		8861CD572CEB623600AE9890 /* TVC_Row.xib in Resources */ = {isa = PBXBuildFile; fileRef = 8861CD552CEB623600AE9890 /* TVC_Row.xib */; };
		8861CD592CEB655600AE9890 /* VC_Login.swift in Sources */ = {isa = PBXBuildFile; fileRef = 8861CD582CEB655600AE9890 /* VC_Login.swift */; };
		886B56E02CEBD36A009B6A99 /* User.swift in Sources */ = {isa = PBXBuildFile; fileRef = 886B56DF2CEBD36A009B6A99 /* User.swift */; };
		F284B2CE86CDEE10C62D2617 /* Pods_Firebase.framework in Frameworks */ = {isa = PBXBuildFile; fileRef = DD1785ACBC840563FB45D692 /* Pods_Firebase.framework */; };
/* End PBXBuildFile section */

/* Begin PBXFileReference section */
		8861CD3A2CEB614300AE9890 /* Firebase.app */ = {isa = PBXFileReference; explicitFileType = wrapper.application; includeInIndex = 0; path = Firebase.app; sourceTree = BUILT_PRODUCTS_DIR; };
		8861CD3D2CEB614300AE9890 /* AppDelegate.swift */ = {isa = PBXFileReference; lastKnownFileType = sourcecode.swift; path = AppDelegate.swift; sourceTree = "<group>"; };
		8861CD3F2CEB614300AE9890 /* SceneDelegate.swift */ = {isa = PBXFileReference; lastKnownFileType = sourcecode.swift; path = SceneDelegate.swift; sourceTree = "<group>"; };
		8861CD412CEB614300AE9890 /* ViewController.swift */ = {isa = PBXFileReference; lastKnownFileType = sourcecode.swift; path = ViewController.swift; sourceTree = "<group>"; };
		8861CD442CEB614300AE9890 /* Base */ = {isa = PBXFileReference; lastKnownFileType = file.storyboard; name = Base; path = Base.lproj/Main.storyboard; sourceTree = "<group>"; };
		8861CD472CEB614300AE9890 /* Firebase.xcdatamodel */ = {isa = PBXFileReference; lastKnownFileType = wrapper.xcdatamodel; path = Firebase.xcdatamodel; sourceTree = "<group>"; };
		8861CD492CEB614400AE9890 /* Assets.xcassets */ = {isa = PBXFileReference; lastKnownFileType = folder.assetcatalog; path = Assets.xcassets; sourceTree = "<group>"; };
		8861CD4C2CEB614400AE9890 /* Base */ = {isa = PBXFileReference; lastKnownFileType = file.storyboard; name = Base; path = Base.lproj/LaunchScreen.storyboard; sourceTree = "<group>"; };
		8861CD4E2CEB614400AE9890 /* Info.plist */ = {isa = PBXFileReference; lastKnownFileType = text.plist.xml; path = Info.plist; sourceTree = "<group>"; };
		8861CD542CEB623600AE9890 /* TVC_Row.swift */ = {isa = PBXFileReference; lastKnownFileType = sourcecode.swift; path = TVC_Row.swift; sourceTree = "<group>"; };
		8861CD552CEB623600AE9890 /* TVC_Row.xib */ = {isa = PBXFileReference; lastKnownFileType = file.xib; path = TVC_Row.xib; sourceTree = "<group>"; };
		8861CD582CEB655600AE9890 /* VC_Login.swift */ = {isa = PBXFileReference; lastKnownFileType = sourcecode.swift; path = VC_Login.swift; sourceTree = "<group>"; };
		886B56DF2CEBD36A009B6A99 /* User.swift */ = {isa = PBXFileReference; lastKnownFileType = sourcecode.swift; path = User.swift; sourceTree = "<group>"; };
		8CB5C745E22100024C727129 /* Pods-Firebase.release.xcconfig */ = {isa = PBXFileReference; includeInIndex = 1; lastKnownFileType = text.xcconfig; name = "Pods-Firebase.release.xcconfig"; path = "Target Support Files/Pods-Firebase/Pods-Firebase.release.xcconfig"; sourceTree = "<group>"; };
		9BED8E6389D755F8C9123847 /* Pods-Firebase.debug.xcconfig */ = {isa = PBXFileReference; includeInIndex = 1; lastKnownFileType = text.xcconfig; name = "Pods-Firebase.debug.xcconfig"; path = "Target Support Files/Pods-Firebase/Pods-Firebase.debug.xcconfig"; sourceTree = "<group>"; };
		DD1785ACBC840563FB45D692 /* Pods_Firebase.framework */ = {isa = PBXFileReference; explicitFileType = wrapper.framework; includeInIndex = 0; path = Pods_Firebase.framework; sourceTree = BUILT_PRODUCTS_DIR; };
/* End PBXFileReference section */

/* Begin PBXFrameworksBuildPhase section */
		8861CD372CEB614300AE9890 /* Frameworks */ = {
			isa = PBXFrameworksBuildPhase;
			buildActionMask = 2147483647;
			files = (
				F284B2CE86CDEE10C62D2617 /* Pods_Firebase.framework in Frameworks */,
			);
			runOnlyForDeploymentPostprocessing = 0;
		};
/* End PBXFrameworksBuildPhase section */

/* Begin PBXGroup section */
		8861CD312CEB614200AE9890 = {
			isa = PBXGroup;
			children = (
				8861CD3C2CEB614300AE9890 /* Firebase */,
				8861CD3B2CEB614300AE9890 /* Products */,
				B162C083F34457C4C7E1AE1E /* Pods */,
				FE9BAF05DB882B681EA97FA7 /* Frameworks */,
			);
			sourceTree = "<group>";
		};
		8861CD3B2CEB614300AE9890 /* Products */ = {
			isa = PBXGroup;
			children = (
				8861CD3A2CEB614300AE9890 /* Firebase.app */,
			);
			name = Products;
			sourceTree = "<group>";
		};
		8861CD3C2CEB614300AE9890 /* Firebase */ = {
			isa = PBXGroup;
			children = (
				8861CD3D2CEB614300AE9890 /* AppDelegate.swift */,
				8861CD3F2CEB614300AE9890 /* SceneDelegate.swift */,
				8861CD412CEB614300AE9890 /* ViewController.swift */,
				8861CD432CEB614300AE9890 /* Main.storyboard */,
				8861CD582CEB655600AE9890 /* VC_Login.swift */,
				886B56DF2CEBD36A009B6A99 /* User.swift */,
				8861CD492CEB614400AE9890 /* Assets.xcassets */,
				8861CD4B2CEB614400AE9890 /* LaunchScreen.storyboard */,
				8861CD4E2CEB614400AE9890 /* Info.plist */,
				8861CD462CEB614300AE9890 /* Firebase.xcdatamodeld */,
				8861CD542CEB623600AE9890 /* TVC_Row.swift */,
				8861CD552CEB623600AE9890 /* TVC_Row.xib */,
			);
			path = Firebase;
			sourceTree = "<group>";
		};
		B162C083F34457C4C7E1AE1E /* Pods */ = {
			isa = PBXGroup;
			children = (
				9BED8E6389D755F8C9123847 /* Pods-Firebase.debug.xcconfig */,
				8CB5C745E22100024C727129 /* Pods-Firebase.release.xcconfig */,
			);
			path = Pods;
			sourceTree = "<group>";
		};
		FE9BAF05DB882B681EA97FA7 /* Frameworks */ = {
			isa = PBXGroup;
			children = (
				DD1785ACBC840563FB45D692 /* Pods_Firebase.framework */,
			);
			name = Frameworks;
			sourceTree = "<group>";
		};
/* End PBXGroup section */

/* Begin PBXNativeTarget section */
		8861CD392CEB614300AE9890 /* Firebase */ = {
			isa = PBXNativeTarget;
			buildConfigurationList = 8861CD512CEB614400AE9890 /* Build configuration list for PBXNativeTarget "Firebase" */;
			buildPhases = (
				5463A6F4084E3C0C934EEEB6 /* [CP] Check Pods Manifest.lock */,
				8861CD362CEB614300AE9890 /* Sources */,
				8861CD372CEB614300AE9890 /* Frameworks */,
				8861CD382CEB614300AE9890 /* Resources */,
				09D44C623E3E9449D4DD7D91 /* [CP] Embed Pods Frameworks */,
			);
			buildRules = (
			);
			dependencies = (
			);
			name = Firebase;
			packageProductDependencies = (
			);
			productName = Firebase;
			productReference = 8861CD3A2CEB614300AE9890 /* Firebase.app */;
			productType = "com.apple.product-type.application";
		};
/* End PBXNativeTarget section */

/* Begin PBXProject section */
		8861CD322CEB614300AE9890 /* Project object */ = {
			isa = PBXProject;
			attributes = {
				BuildIndependentTargetsInParallel = 1;
				LastSwiftUpdateCheck = 1500;
				LastUpgradeCheck = 1500;
				TargetAttributes = {
					8861CD392CEB614300AE9890 = {
						CreatedOnToolsVersion = 15.0.1;
					};
				};
			};
			buildConfigurationList = 8861CD352CEB614300AE9890 /* Build configuration list for PBXProject "Firebase" */;
			compatibilityVersion = "Xcode 14.0";
			developmentRegion = en;
			hasScannedForEncodings = 0;
			knownRegions = (
				en,
				Base,
			);
			mainGroup = 8861CD312CEB614200AE9890;
			packageReferences = (
				886B56D42CEBC6D3009B6A99 /* XCRemoteSwiftPackageReference "firebase-ios-sdk" */,
			);
			productRefGroup = 8861CD3B2CEB614300AE9890 /* Products */;
			projectDirPath = "";
			projectRoot = "";
			targets = (
				8861CD392CEB614300AE9890 /* Firebase */,
			);
		};
/* End PBXProject section */

/* Begin PBXResourcesBuildPhase section */
		8861CD382CEB614300AE9890 /* Resources */ = {
			isa = PBXResourcesBuildPhase;
			buildActionMask = 2147483647;
			files = (
				8861CD572CEB623600AE9890 /* TVC_Row.xib in Resources */,
				8861CD4D2CEB614400AE9890 /* LaunchScreen.storyboard in Resources */,
				8861CD4A2CEB614400AE9890 /* Assets.xcassets in Resources */,
				8861CD452CEB614300AE9890 /* Main.storyboard in Resources */,
			);
			runOnlyForDeploymentPostprocessing = 0;
		};
/* End PBXResourcesBuildPhase section */

/* Begin PBXShellScriptBuildPhase section */
		09D44C623E3E9449D4DD7D91 /* [CP] Embed Pods Frameworks */ = {
			isa = PBXShellScriptBuildPhase;
			buildActionMask = 2147483647;
			files = (
			);
			inputFileListPaths = (
				"${PODS_ROOT}/Target Support Files/Pods-Firebase/Pods-Firebase-frameworks-${CONFIGURATION}-input-files.xcfilelist",
			);
			name = "[CP] Embed Pods Frameworks";
			outputFileListPaths = (
				"${PODS_ROOT}/Target Support Files/Pods-Firebase/Pods-Firebase-frameworks-${CONFIGURATION}-output-files.xcfilelist",
			);
			runOnlyForDeploymentPostprocessing = 0;
			shellPath = /bin/sh;
			shellScript = "\"${PODS_ROOT}/Target Support Files/Pods-Firebase/Pods-Firebase-frameworks.sh\"\n";
			showEnvVarsInLog = 0;
		};
		5463A6F4084E3C0C934EEEB6 /* [CP] Check Pods Manifest.lock */ = {
			isa = PBXShellScriptBuildPhase;
			buildActionMask = 2147483647;
			files = (
			);
			inputFileListPaths = (
			);
			inputPaths = (
				"${PODS_PODFILE_DIR_PATH}/Podfile.lock",
				"${PODS_ROOT}/Manifest.lock",
			);
			name = "[CP] Check Pods Manifest.lock";
			outputFileListPaths = (
			);
			outputPaths = (
				"$(DERIVED_FILE_DIR)/Pods-Firebase-checkManifestLockResult.txt",
			);
			runOnlyForDeploymentPostprocessing = 0;
			shellPath = /bin/sh;
			shellScript = "diff \"${PODS_PODFILE_DIR_PATH}/Podfile.lock\" \"${PODS_ROOT}/Manifest.lock\" > /dev/null\nif [ $? != 0 ] ; then\n    # print error to STDERR\n    echo \"error: The sandbox is not in sync with the Podfile.lock. Run 'pod install' or update your CocoaPods installation.\" >&2\n    exit 1\nfi\n# This output is used by Xcode 'outputs' to avoid re-running this script phase.\necho \"SUCCESS\" > \"${SCRIPT_OUTPUT_FILE_0}\"\n";
			showEnvVarsInLog = 0;
		};
/* End PBXShellScriptBuildPhase section */

/* Begin PBXSourcesBuildPhase section */
		8861CD362CEB614300AE9890 /* Sources */ = {
			isa = PBXSourcesBuildPhase;
			buildActionMask = 2147483647;
			files = (
				8861CD422CEB614300AE9890 /* ViewController.swift in Sources */,
				8861CD3E2CEB614300AE9890 /* AppDelegate.swift in Sources */,
				8861CD482CEB614300AE9890 /* Firebase.xcdatamodeld in Sources */,
				8861CD562CEB623600AE9890 /* TVC_Row.swift in Sources */,
				8861CD592CEB655600AE9890 /* VC_Login.swift in Sources */,
				8861CD402CEB614300AE9890 /* SceneDelegate.swift in Sources */,
				886B56E02CEBD36A009B6A99 /* User.swift in Sources */,
			);
			runOnlyForDeploymentPostprocessing = 0;
		};
/* End PBXSourcesBuildPhase section */

/* Begin PBXVariantGroup section */
		8861CD432CEB614300AE9890 /* Main.storyboard */ = {
			isa = PBXVariantGroup;
			children = (
				8861CD442CEB614300AE9890 /* Base */,
			);
			name = Main.storyboard;
			sourceTree = "<group>";
		};
		8861CD4B2CEB614400AE9890 /* LaunchScreen.storyboard */ = {
			isa = PBXVariantGroup;
			children = (
				8861CD4C2CEB614400AE9890 /* Base */,
			);
			name = LaunchScreen.storyboard;
			sourceTree = "<group>";
		};
/* End PBXVariantGroup section */

/* Begin XCBuildConfiguration section */
		8861CD4F2CEB614400AE9890 /* Debug */ = {
			isa = XCBuildConfiguration;
			buildSettings = {
				ALWAYS_SEARCH_USER_PATHS = NO;
				ASSETCATALOG_COMPILER_GENERATE_SWIFT_ASSET_SYMBOL_EXTENSIONS = YES;
				CLANG_ANALYZER_NONNULL = YES;
				CLANG_ANALYZER_NUMBER_OBJECT_CONVERSION = YES_AGGRESSIVE;
				CLANG_CXX_LANGUAGE_STANDARD = "gnu++20";
				CLANG_ENABLE_MODULES = YES;
				CLANG_ENABLE_OBJC_ARC = YES;
				CLANG_ENABLE_OBJC_WEAK = YES;
				CLANG_WARN_BLOCK_CAPTURE_AUTORELEASING = YES;
				CLANG_WARN_BOOL_CONVERSION = YES;
				CLANG_WARN_COMMA = YES;
				CLANG_WARN_CONSTANT_CONVERSION = YES;
				CLANG_WARN_DEPRECATED_OBJC_IMPLEMENTATIONS = YES;
				CLANG_WARN_DIRECT_OBJC_ISA_USAGE = YES_ERROR;
				CLANG_WARN_DOCUMENTATION_COMMENTS = YES;
				CLANG_WARN_EMPTY_BODY = YES;
				CLANG_WARN_ENUM_CONVERSION = YES;
				CLANG_WARN_INFINITE_RECURSION = YES;
				CLANG_WARN_INT_CONVERSION = YES;
				CLANG_WARN_NON_LITERAL_NULL_CONVERSION = YES;
				CLANG_WARN_OBJC_IMPLICIT_RETAIN_SELF = YES;
				CLANG_WARN_OBJC_LITERAL_CONVERSION = YES;
				CLANG_WARN_OBJC_ROOT_CLASS = YES_ERROR;
				CLANG_WARN_QUOTED_INCLUDE_IN_FRAMEWORK_HEADER = YES;
				CLANG_WARN_RANGE_LOOP_ANALYSIS = YES;
				CLANG_WARN_STRICT_PROTOTYPES = YES;
				CLANG_WARN_SUSPICIOUS_MOVE = YES;
				CLANG_WARN_UNGUARDED_AVAILABILITY = YES_AGGRESSIVE;
				CLANG_WARN_UNREACHABLE_CODE = YES;
				CLANG_WARN__DUPLICATE_METHOD_MATCH = YES;
				COPY_PHASE_STRIP = NO;
				DEBUG_INFORMATION_FORMAT = dwarf;
				ENABLE_STRICT_OBJC_MSGSEND = YES;
				ENABLE_TESTABILITY = YES;
				ENABLE_USER_SCRIPT_SANDBOXING = YES;
				GCC_C_LANGUAGE_STANDARD = gnu17;
				GCC_DYNAMIC_NO_PIC = NO;
				GCC_NO_COMMON_BLOCKS = YES;
				GCC_OPTIMIZATION_LEVEL = 0;
				GCC_PREPROCESSOR_DEFINITIONS = (
					"DEBUG=1",
					"$(inherited)",
				);
				GCC_WARN_64_TO_32_BIT_CONVERSION = YES;
				GCC_WARN_ABOUT_RETURN_TYPE = YES_ERROR;
				GCC_WARN_UNDECLARED_SELECTOR = YES;
				GCC_WARN_UNINITIALIZED_AUTOS = YES_AGGRESSIVE;
				GCC_WARN_UNUSED_FUNCTION = YES;
				GCC_WARN_UNUSED_VARIABLE = YES;
				IPHONEOS_DEPLOYMENT_TARGET = 17.0;
				LOCALIZATION_PREFERS_STRING_CATALOGS = YES;
				MTL_ENABLE_DEBUG_INFO = INCLUDE_SOURCE;
				MTL_FAST_MATH = YES;
				ONLY_ACTIVE_ARCH = YES;
				SDKROOT = iphoneos;
				SWIFT_ACTIVE_COMPILATION_CONDITIONS = "DEBUG $(inherited)";
				SWIFT_OPTIMIZATION_LEVEL = "-Onone";
			};
			name = Debug;
		};
		8861CD502CEB614400AE9890 /* Release */ = {
			isa = XCBuildConfiguration;
			buildSettings = {
				ALWAYS_SEARCH_USER_PATHS = NO;
				ASSETCATALOG_COMPILER_GENERATE_SWIFT_ASSET_SYMBOL_EXTENSIONS = YES;
				CLANG_ANALYZER_NONNULL = YES;
				CLANG_ANALYZER_NUMBER_OBJECT_CONVERSION = YES_AGGRESSIVE;
				CLANG_CXX_LANGUAGE_STANDARD = "gnu++20";
				CLANG_ENABLE_MODULES = YES;
				CLANG_ENABLE_OBJC_ARC = YES;
				CLANG_ENABLE_OBJC_WEAK = YES;
				CLANG_WARN_BLOCK_CAPTURE_AUTORELEASING = YES;
				CLANG_WARN_BOOL_CONVERSION = YES;
				CLANG_WARN_COMMA = YES;
				CLANG_WARN_CONSTANT_CONVERSION = YES;
				CLANG_WARN_DEPRECATED_OBJC_IMPLEMENTATIONS = YES;
				CLANG_WARN_DIRECT_OBJC_ISA_USAGE = YES_ERROR;
				CLANG_WARN_DOCUMENTATION_COMMENTS = YES;
				CLANG_WARN_EMPTY_BODY = YES;
				CLANG_WARN_ENUM_CONVERSION = YES;
				CLANG_WARN_INFINITE_RECURSION = YES;
				CLANG_WARN_INT_CONVERSION = YES;
				CLANG_WARN_NON_LITERAL_NULL_CONVERSION = YES;
				CLANG_WARN_OBJC_IMPLICIT_RETAIN_SELF = YES;
				CLANG_WARN_OBJC_LITERAL_CONVERSION = YES;
				CLANG_WARN_OBJC_ROOT_CLASS = YES_ERROR;
				CLANG_WARN_QUOTED_INCLUDE_IN_FRAMEWORK_HEADER = YES;
				CLANG_WARN_RANGE_LOOP_ANALYSIS = YES;
				CLANG_WARN_STRICT_PROTOTYPES = YES;
				CLANG_WARN_SUSPICIOUS_MOVE = YES;
				CLANG_WARN_UNGUARDED_AVAILABILITY = YES_AGGRESSIVE;
				CLANG_WARN_UNREACHABLE_CODE = YES;
				CLANG_WARN__DUPLICATE_METHOD_MATCH = YES;
				COPY_PHASE_STRIP = NO;
				DEBUG_INFORMATION_FORMAT = "dwarf-with-dsym";
				ENABLE_NS_ASSERTIONS = NO;
				ENABLE_STRICT_OBJC_MSGSEND = YES;
				ENABLE_USER_SCRIPT_SANDBOXING = YES;
				GCC_C_LANGUAGE_STANDARD = gnu17;
				GCC_NO_COMMON_BLOCKS = YES;
				GCC_WARN_64_TO_32_BIT_CONVERSION = YES;
				GCC_WARN_ABOUT_RETURN_TYPE = YES_ERROR;
				GCC_WARN_UNDECLARED_SELECTOR = YES;
				GCC_WARN_UNINITIALIZED_AUTOS = YES_AGGRESSIVE;
				GCC_WARN_UNUSED_FUNCTION = YES;
				GCC_WARN_UNUSED_VARIABLE = YES;
				IPHONEOS_DEPLOYMENT_TARGET = 17.0;
				LOCALIZATION_PREFERS_STRING_CATALOGS = YES;
				MTL_ENABLE_DEBUG_INFO = NO;
				MTL_FAST_MATH = YES;
				SDKROOT = iphoneos;
				SWIFT_COMPILATION_MODE = wholemodule;
				VALIDATE_PRODUCT = YES;
			};
			name = Release;
		};
		8861CD522CEB614400AE9890 /* Debug */ = {
			isa = XCBuildConfiguration;
			baseConfigurationReference = 9BED8E6389D755F8C9123847 /* Pods-Firebase.debug.xcconfig */;
			buildSettings = {
				ASSETCATALOG_COMPILER_APPICON_NAME = AppIcon;
				ASSETCATALOG_COMPILER_GLOBAL_ACCENT_COLOR_NAME = AccentColor;
				CODE_SIGN_STYLE = Automatic;
				CURRENT_PROJECT_VERSION = 1;
				DEVELOPMENT_TEAM = WVKQRSC4HB;
				GENERATE_INFOPLIST_FILE = YES;
				INFOPLIST_FILE = Firebase/Info.plist;
				INFOPLIST_KEY_UIApplicationSupportsIndirectInputEvents = YES;
				INFOPLIST_KEY_UILaunchStoryboardName = LaunchScreen;
				INFOPLIST_KEY_UIMainStoryboardFile = Main;
				INFOPLIST_KEY_UISupportedInterfaceOrientations_iPad = "UIInterfaceOrientationPortrait UIInterfaceOrientationPortraitUpsideDown UIInterfaceOrientationLandscapeLeft UIInterfaceOrientationLandscapeRight";
				INFOPLIST_KEY_UISupportedInterfaceOrientations_iPhone = "UIInterfaceOrientationPortrait UIInterfaceOrientationLandscapeLeft UIInterfaceOrientationLandscapeRight";
				LD_RUNPATH_SEARCH_PATHS = (
					"$(inherited)",
					"@executable_path/Frameworks",
				);
				MARKETING_VERSION = 1.0;
				PRODUCT_BUNDLE_IDENTIFIER = com.alperencerkez.Firebase;
				PRODUCT_NAME = "$(TARGET_NAME)";
				SWIFT_EMIT_LOC_STRINGS = YES;
				SWIFT_VERSION = 5.0;
				TARGETED_DEVICE_FAMILY = "1,2";
			};
			name = Debug;
		};
		8861CD532CEB614400AE9890 /* Release */ = {
			isa = XCBuildConfiguration;
			baseConfigurationReference = 8CB5C745E22100024C727129 /* Pods-Firebase.release.xcconfig */;
			buildSettings = {
				ASSETCATALOG_COMPILER_APPICON_NAME = AppIcon;
				ASSETCATALOG_COMPILER_GLOBAL_ACCENT_COLOR_NAME = AccentColor;
				CODE_SIGN_STYLE = Automatic;
				CURRENT_PROJECT_VERSION = 1;
				DEVELOPMENT_TEAM = WVKQRSC4HB;
				GENERATE_INFOPLIST_FILE = YES;
				INFOPLIST_FILE = Firebase/Info.plist;
				INFOPLIST_KEY_UIApplicationSupportsIndirectInputEvents = YES;
				INFOPLIST_KEY_UILaunchStoryboardName = LaunchScreen;
				INFOPLIST_KEY_UIMainStoryboardFile = Main;
				INFOPLIST_KEY_UISupportedInterfaceOrientations_iPad = "UIInterfaceOrientationPortrait UIInterfaceOrientationPortraitUpsideDown UIInterfaceOrientationLandscapeLeft UIInterfaceOrientationLandscapeRight";
				INFOPLIST_KEY_UISupportedInterfaceOrientations_iPhone = "UIInterfaceOrientationPortrait UIInterfaceOrientationLandscapeLeft UIInterfaceOrientationLandscapeRight";
				LD_RUNPATH_SEARCH_PATHS = (
					"$(inherited)",
					"@executable_path/Frameworks",
				);
				MARKETING_VERSION = 1.0;
				PRODUCT_BUNDLE_IDENTIFIER = com.alperencerkez.Firebase;
				PRODUCT_NAME = "$(TARGET_NAME)";
				SWIFT_EMIT_LOC_STRINGS = YES;
				SWIFT_VERSION = 5.0;
				TARGETED_DEVICE_FAMILY = "1,2";
			};
			name = Release;
		};
/* End XCBuildConfiguration section */

/* Begin XCConfigurationList section */
		8861CD352CEB614300AE9890 /* Build configuration list for PBXProject "Firebase" */ = {
			isa = XCConfigurationList;
			buildConfigurations = (
				8861CD4F2CEB614400AE9890 /* Debug */,
				8861CD502CEB614400AE9890 /* Release */,
			);
			defaultConfigurationIsVisible = 0;
			defaultConfigurationName = Release;
		};
		8861CD512CEB614400AE9890 /* Build configuration list for PBXNativeTarget "Firebase" */ = {
			isa = XCConfigurationList;
			buildConfigurations = (
				8861CD522CEB614400AE9890 /* Debug */,
				8861CD532CEB614400AE9890 /* Release */,
			);
			defaultConfigurationIsVisible = 0;
			defaultConfigurationName = Release;
		};
/* End XCConfigurationList section */

/* Begin XCRemoteSwiftPackageReference section */
		886B56D42CEBC6D3009B6A99 /* XCRemoteSwiftPackageReference "firebase-ios-sdk" */ = {
			isa = XCRemoteSwiftPackageReference;
			repositoryURL = "https://github.com/firebase/firebase-ios-sdk.git";
			requirement = {
				kind = exactVersion;
				version = 11.5.0;
			};
		};
/* End XCRemoteSwiftPackageReference section */

/* Begin XCVersionGroup section */
		8861CD462CEB614300AE9890 /* Firebase.xcdatamodeld */ = {
			isa = XCVersionGroup;
			children = (
				8861CD472CEB614300AE9890 /* Firebase.xcdatamodel */,
			);
			currentVersion = 8861CD472CEB614300AE9890 /* Firebase.xcdatamodel */;
			path = Firebase.xcdatamodeld;
			sourceTree = "<group>";
			versionGroupType = wrapper.xcdatamodel;
		};
/* End XCVersionGroup section */
	};
	rootObject = 8861CD322CEB614300AE9890 /* Project object */;
}
